// !$*UTF8*$!
{
	archiveVersion = 1;
	classes = {
	};
	objectVersion = 46;
	objects = {

/* Begin PBXBuildFile section */
		480A94B6244DB56100F780F7 /* AAPLSpriteComponent.m in Sources */ = {isa = PBXBuildFile; fileRef = 480A947B244DB56000F780F7 /* AAPLSpriteComponent.m */; };
		480A94B7244DB56100F780F7 /* AAPLSpriteComponent.m in Sources */ = {isa = PBXBuildFile; fileRef = 480A947B244DB56000F780F7 /* AAPLSpriteComponent.m */; };
		480A94B8244DB56100F780F7 /* AAPLIntelligenceComponent.m in Sources */ = {isa = PBXBuildFile; fileRef = 480A947D244DB56000F780F7 /* AAPLIntelligenceComponent.m */; };
		480A94B9244DB56100F780F7 /* AAPLIntelligenceComponent.m in Sources */ = {isa = PBXBuildFile; fileRef = 480A947D244DB56000F780F7 /* AAPLIntelligenceComponent.m */; };
		480A94BA244DB56100F780F7 /* AAPLPlayerControlComponent.m in Sources */ = {isa = PBXBuildFile; fileRef = 480A947E244DB56000F780F7 /* AAPLPlayerControlComponent.m */; };
		480A94BB244DB56100F780F7 /* AAPLPlayerControlComponent.m in Sources */ = {isa = PBXBuildFile; fileRef = 480A947E244DB56000F780F7 /* AAPLPlayerControlComponent.m */; };
		480A94BC244DB56100F780F7 /* AAPLEntity.m in Sources */ = {isa = PBXBuildFile; fileRef = 480A947F244DB56000F780F7 /* AAPLEntity.m */; };
		480A94BD244DB56100F780F7 /* AAPLEntity.m in Sources */ = {isa = PBXBuildFile; fileRef = 480A947F244DB56000F780F7 /* AAPLEntity.m */; };
		480A94BE244DB56100F780F7 /* AAPLSpriteNode.m in Sources */ = {isa = PBXBuildFile; fileRef = 480A9482244DB56000F780F7 /* AAPLSpriteNode.m */; };
		480A94BF244DB56100F780F7 /* AAPLSpriteNode.m in Sources */ = {isa = PBXBuildFile; fileRef = 480A9482244DB56000F780F7 /* AAPLSpriteNode.m */; };
		480A94C0244DB56100F780F7 /* AAPLScene.m in Sources */ = {isa = PBXBuildFile; fileRef = 480A9483244DB56000F780F7 /* AAPLScene.m */; };
		480A94C1244DB56100F780F7 /* AAPLScene.m in Sources */ = {isa = PBXBuildFile; fileRef = 480A9483244DB56000F780F7 /* AAPLScene.m */; };
		480A94C2244DB56100F780F7 /* AAPLGame.m in Sources */ = {isa = PBXBuildFile; fileRef = 480A9487244DB56000F780F7 /* AAPLGame.m */; };
		480A94C3244DB56100F780F7 /* AAPLGame.m in Sources */ = {isa = PBXBuildFile; fileRef = 480A9487244DB56000F780F7 /* AAPLGame.m */; };
		480A94C4244DB56100F780F7 /* AAPLLevel.m in Sources */ = {isa = PBXBuildFile; fileRef = 480A948A244DB56100F780F7 /* AAPLLevel.m */; };
		480A94C5244DB56100F780F7 /* AAPLLevel.m in Sources */ = {isa = PBXBuildFile; fileRef = 480A948A244DB56100F780F7 /* AAPLLevel.m */; };
		480A94C6244DB56100F780F7 /* AAPLEnemyChaseState.m in Sources */ = {isa = PBXBuildFile; fileRef = 480A948D244DB56100F780F7 /* AAPLEnemyChaseState.m */; };
		480A94C7244DB56100F780F7 /* AAPLEnemyChaseState.m in Sources */ = {isa = PBXBuildFile; fileRef = 480A948D244DB56100F780F7 /* AAPLEnemyChaseState.m */; };
		480A94C8244DB56100F780F7 /* AAPLEnemyDefeatedState.m in Sources */ = {isa = PBXBuildFile; fileRef = 480A948E244DB56100F780F7 /* AAPLEnemyDefeatedState.m */; };
		480A94C9244DB56100F780F7 /* AAPLEnemyDefeatedState.m in Sources */ = {isa = PBXBuildFile; fileRef = 480A948E244DB56100F780F7 /* AAPLEnemyDefeatedState.m */; };
		480A94CA244DB56100F780F7 /* AAPLEnemyFleeState.m in Sources */ = {isa = PBXBuildFile; fileRef = 480A948F244DB56100F780F7 /* AAPLEnemyFleeState.m */; };
		480A94CB244DB56100F780F7 /* AAPLEnemyFleeState.m in Sources */ = {isa = PBXBuildFile; fileRef = 480A948F244DB56100F780F7 /* AAPLEnemyFleeState.m */; };
		480A94CC244DB56100F780F7 /* AAPLEnemyRespawnState.m in Sources */ = {isa = PBXBuildFile; fileRef = 480A9490244DB56100F780F7 /* AAPLEnemyRespawnState.m */; };
		480A94CD244DB56100F780F7 /* AAPLEnemyRespawnState.m in Sources */ = {isa = PBXBuildFile; fileRef = 480A9490244DB56100F780F7 /* AAPLEnemyRespawnState.m */; };
		480A94CE244DB56100F780F7 /* AAPLEnemyState.m in Sources */ = {isa = PBXBuildFile; fileRef = 480A9492244DB56100F780F7 /* AAPLEnemyState.m */; };
		480A94CF244DB56100F780F7 /* AAPLEnemyState.m in Sources */ = {isa = PBXBuildFile; fileRef = 480A9492244DB56100F780F7 /* AAPLEnemyState.m */; };
		480A94E9244DB61800F780F7 /* GameComponent.swift in Sources */ = {isa = PBXBuildFile; fileRef = 480A94D2244DB61800F780F7 /* GameComponent.swift */; };
		480A94EA244DB61800F780F7 /* GameComponent.swift in Sources */ = {isa = PBXBuildFile; fileRef = 480A94D2244DB61800F780F7 /* GameComponent.swift */; };
		480A94EB244DB61800F780F7 /* PlayerControlComponent.swift in Sources */ = {isa = PBXBuildFile; fileRef = 480A94D4244DB61800F780F7 /* PlayerControlComponent.swift */; };
		480A94EC244DB61800F780F7 /* PlayerControlComponent.swift in Sources */ = {isa = PBXBuildFile; fileRef = 480A94D4244DB61800F780F7 /* PlayerControlComponent.swift */; };
		480A94ED244DB61800F780F7 /* Direction.swift in Sources */ = {isa = PBXBuildFile; fileRef = 480A94D5244DB61800F780F7 /* Direction.swift */; };
		480A94EE244DB61800F780F7 /* Direction.swift in Sources */ = {isa = PBXBuildFile; fileRef = 480A94D5244DB61800F780F7 /* Direction.swift */; };
		480A94EF244DB61800F780F7 /* SpriteComponent.swift in Sources */ = {isa = PBXBuildFile; fileRef = 480A94D6244DB61800F780F7 /* SpriteComponent.swift */; };
		480A94F0244DB61800F780F7 /* SpriteComponent.swift in Sources */ = {isa = PBXBuildFile; fileRef = 480A94D6244DB61800F780F7 /* SpriteComponent.swift */; };
		480A94F1244DB61800F780F7 /* GameEntity.swift in Sources */ = {isa = PBXBuildFile; fileRef = 480A94D7244DB61800F780F7 /* GameEntity.swift */; };
		480A94F2244DB61800F780F7 /* GameEntity.swift in Sources */ = {isa = PBXBuildFile; fileRef = 480A94D7244DB61800F780F7 /* GameEntity.swift */; };
		480A94F3244DB61800F780F7 /* IntelligenceComponent.swift in Sources */ = {isa = PBXBuildFile; fileRef = 480A94D9244DB61800F780F7 /* IntelligenceComponent.swift */; };
		480A94F4244DB61800F780F7 /* IntelligenceComponent.swift in Sources */ = {isa = PBXBuildFile; fileRef = 480A94D9244DB61800F780F7 /* IntelligenceComponent.swift */; };
		480A94F5244DB61800F780F7 /* GameRuleSystem.swift in Sources */ = {isa = PBXBuildFile; fileRef = 480A94DA244DB61800F780F7 /* GameRuleSystem.swift */; };
		480A94F6244DB61800F780F7 /* GameRuleSystem.swift in Sources */ = {isa = PBXBuildFile; fileRef = 480A94DA244DB61800F780F7 /* GameRuleSystem.swift */; };
		480A94F7244DB61800F780F7 /* Game.swift in Sources */ = {isa = PBXBuildFile; fileRef = 480A94DC244DB61800F780F7 /* Game.swift */; };
		480A94F8244DB61800F780F7 /* Game.swift in Sources */ = {isa = PBXBuildFile; fileRef = 480A94DC244DB61800F780F7 /* Game.swift */; };
		480A94F9244DB61800F780F7 /* Scene.swift in Sources */ = {isa = PBXBuildFile; fileRef = 480A94DE244DB61800F780F7 /* Scene.swift */; };
		480A94FA244DB61800F780F7 /* Scene.swift in Sources */ = {isa = PBXBuildFile; fileRef = 480A94DE244DB61800F780F7 /* Scene.swift */; };
		480A94FB244DB61800F780F7 /* SpriteNode.swift in Sources */ = {isa = PBXBuildFile; fileRef = 480A94DF244DB61800F780F7 /* SpriteNode.swift */; };
		480A94FC244DB61800F780F7 /* SpriteNode.swift in Sources */ = {isa = PBXBuildFile; fileRef = 480A94DF244DB61800F780F7 /* SpriteNode.swift */; };
		480A94FD244DB61800F780F7 /* Level.swift in Sources */ = {isa = PBXBuildFile; fileRef = 480A94E1244DB61800F780F7 /* Level.swift */; };
		480A94FE244DB61800F780F7 /* Level.swift in Sources */ = {isa = PBXBuildFile; fileRef = 480A94E1244DB61800F780F7 /* Level.swift */; };
		480A94FF244DB61800F780F7 /* EnemyState.swift in Sources */ = {isa = PBXBuildFile; fileRef = 480A94E3244DB61800F780F7 /* EnemyState.swift */; };
		480A9500244DB61800F780F7 /* EnemyState.swift in Sources */ = {isa = PBXBuildFile; fileRef = 480A94E3244DB61800F780F7 /* EnemyState.swift */; };
		480A9501244DB61800F780F7 /* EnemyRespawnState.swift in Sources */ = {isa = PBXBuildFile; fileRef = 480A94E4244DB61800F780F7 /* EnemyRespawnState.swift */; };
		480A9502244DB61800F780F7 /* EnemyRespawnState.swift in Sources */ = {isa = PBXBuildFile; fileRef = 480A94E4244DB61800F780F7 /* EnemyRespawnState.swift */; };
		480A9503244DB61800F780F7 /* EnemyChaseState.swift in Sources */ = {isa = PBXBuildFile; fileRef = 480A94E5244DB61800F780F7 /* EnemyChaseState.swift */; };
		480A9504244DB61800F780F7 /* EnemyChaseState.swift in Sources */ = {isa = PBXBuildFile; fileRef = 480A94E5244DB61800F780F7 /* EnemyChaseState.swift */; };
		480A9505244DB61800F780F7 /* EnemyFleeState.swift in Sources */ = {isa = PBXBuildFile; fileRef = 480A94E6244DB61800F780F7 /* EnemyFleeState.swift */; };
		480A9506244DB61800F780F7 /* EnemyFleeState.swift in Sources */ = {isa = PBXBuildFile; fileRef = 480A94E6244DB61800F780F7 /* EnemyFleeState.swift */; };
		480A9507244DB61800F780F7 /* EnemyDefeatedState.swift in Sources */ = {isa = PBXBuildFile; fileRef = 480A94E7244DB61800F780F7 /* EnemyDefeatedState.swift */; };
		480A9508244DB61800F780F7 /* EnemyDefeatedState.swift in Sources */ = {isa = PBXBuildFile; fileRef = 480A94E7244DB61800F780F7 /* EnemyDefeatedState.swift */; };
		480A9509244DB61800F780F7 /* Macros.swift in Sources */ = {isa = PBXBuildFile; fileRef = 480A94E8244DB61800F780F7 /* Macros.swift */; };
		480A950A244DB61800F780F7 /* Macros.swift in Sources */ = {isa = PBXBuildFile; fileRef = 480A94E8244DB61800F780F7 /* Macros.swift */; };
		48BD21AE244E05640099A021 /* MainMenu.xib in Resources */ = {isa = PBXBuildFile; fileRef = 48BD21A5244E05640099A021 /* MainMenu.xib */; };
		48BD21AF244E05640099A021 /* Images.xcassets in Resources */ = {isa = PBXBuildFile; fileRef = 48BD21A7244E05640099A021 /* Images.xcassets */; };
		48BD21B1244E05640099A021 /* AAPLAppDelegate.m in Sources */ = {isa = PBXBuildFile; fileRef = 48BD21AB244E05640099A021 /* AAPLAppDelegate.m */; };
		48BD21B2244E05640099A021 /* main.m in Sources */ = {isa = PBXBuildFile; fileRef = 48BD21AC244E05640099A021 /* main.m */; };
		48BD21C1244E06470099A021 /* LaunchScreen.xib in Resources */ = {isa = PBXBuildFile; fileRef = 48BD21B4244E06470099A021 /* LaunchScreen.xib */; };
		48BD21C2244E06470099A021 /* Main.storyboard in Resources */ = {isa = PBXBuildFile; fileRef = 48BD21B6244E06470099A021 /* Main.storyboard */; };
		48BD21C3244E06470099A021 /* Images.xcassets in Resources */ = {isa = PBXBuildFile; fileRef = 48BD21B8244E06470099A021 /* Images.xcassets */; };
		48BD21C5244E06470099A021 /* AAPLAppDelegate.m in Sources */ = {isa = PBXBuildFile; fileRef = 48BD21BC244E06470099A021 /* AAPLAppDelegate.m */; };
		48BD21C6244E06470099A021 /* main.m in Sources */ = {isa = PBXBuildFile; fileRef = 48BD21BE244E06470099A021 /* main.m */; };
		48BD21C7244E06470099A021 /* AAPLGameViewController.m in Sources */ = {isa = PBXBuildFile; fileRef = 48BD21C0244E06470099A021 /* AAPLGameViewController.m */; };
/* End PBXBuildFile section */

/* Begin PBXFileReference section */
		113D0C6E1B19070400151E17 /* LICENSE.txt */ = {isa = PBXFileReference; lastKnownFileType = text; path = LICENSE.txt; sourceTree = "<group>"; };
		113D0C6F1B19070400151E17 /* README.md */ = {isa = PBXFileReference; lastKnownFileType = net.daringfireball.markdown; path = README.md; sourceTree = "<group>"; };
		1141FF811AE58AFD001AA25A /* Maze.app */ = {isa = PBXFileReference; explicitFileType = wrapper.application; includeInIndex = 0; path = Maze.app; sourceTree = BUILT_PRODUCTS_DIR; };
		1141FFAD1AE58BC6001AA25A /* Maze.app */ = {isa = PBXFileReference; explicitFileType = wrapper.application; includeInIndex = 0; path = Maze.app; sourceTree = BUILT_PRODUCTS_DIR; };
		480A9479244DB56000F780F7 /* AAPLIntelligenceComponent.h */ = {isa = PBXFileReference; fileEncoding = 4; lastKnownFileType = sourcecode.c.h; path = AAPLIntelligenceComponent.h; sourceTree = "<group>"; };
		480A947A244DB56000F780F7 /* AAPLPlayerControlComponent.h */ = {isa = PBXFileReference; fileEncoding = 4; lastKnownFileType = sourcecode.c.h; path = AAPLPlayerControlComponent.h; sourceTree = "<group>"; };
		480A947B244DB56000F780F7 /* AAPLSpriteComponent.m */ = {isa = PBXFileReference; fileEncoding = 4; lastKnownFileType = sourcecode.c.objc; path = AAPLSpriteComponent.m; sourceTree = "<group>"; };
		480A947C244DB56000F780F7 /* AAPLEntity.h */ = {isa = PBXFileReference; fileEncoding = 4; lastKnownFileType = sourcecode.c.h; path = AAPLEntity.h; sourceTree = "<group>"; };
		480A947D244DB56000F780F7 /* AAPLIntelligenceComponent.m */ = {isa = PBXFileReference; fileEncoding = 4; lastKnownFileType = sourcecode.c.objc; path = AAPLIntelligenceComponent.m; sourceTree = "<group>"; };
		480A947E244DB56000F780F7 /* AAPLPlayerControlComponent.m */ = {isa = PBXFileReference; fileEncoding = 4; lastKnownFileType = sourcecode.c.objc; path = AAPLPlayerControlComponent.m; sourceTree = "<group>"; };
		480A947F244DB56000F780F7 /* AAPLEntity.m */ = {isa = PBXFileReference; fileEncoding = 4; lastKnownFileType = sourcecode.c.objc; path = AAPLEntity.m; sourceTree = "<group>"; };
		480A9480244DB56000F780F7 /* AAPLSpriteComponent.h */ = {isa = PBXFileReference; fileEncoding = 4; lastKnownFileType = sourcecode.c.h; path = AAPLSpriteComponent.h; sourceTree = "<group>"; };
		480A9482244DB56000F780F7 /* AAPLSpriteNode.m */ = {isa = PBXFileReference; fileEncoding = 4; lastKnownFileType = sourcecode.c.objc; path = AAPLSpriteNode.m; sourceTree = "<group>"; };
		480A9483244DB56000F780F7 /* AAPLScene.m */ = {isa = PBXFileReference; fileEncoding = 4; lastKnownFileType = sourcecode.c.objc; path = AAPLScene.m; sourceTree = "<group>"; };
		480A9484244DB56000F780F7 /* AAPLSpriteNode.h */ = {isa = PBXFileReference; fileEncoding = 4; lastKnownFileType = sourcecode.c.h; path = AAPLSpriteNode.h; sourceTree = "<group>"; };
		480A9485244DB56000F780F7 /* AAPLScene.h */ = {isa = PBXFileReference; fileEncoding = 4; lastKnownFileType = sourcecode.c.h; path = AAPLScene.h; sourceTree = "<group>"; };
		480A9487244DB56000F780F7 /* AAPLGame.m */ = {isa = PBXFileReference; fileEncoding = 4; lastKnownFileType = sourcecode.c.objc; path = AAPLGame.m; sourceTree = "<group>"; };
		480A9488244DB56100F780F7 /* AAPLGame.h */ = {isa = PBXFileReference; fileEncoding = 4; lastKnownFileType = sourcecode.c.h; path = AAPLGame.h; sourceTree = "<group>"; };
		480A948A244DB56100F780F7 /* AAPLLevel.m */ = {isa = PBXFileReference; fileEncoding = 4; lastKnownFileType = sourcecode.c.objc; path = AAPLLevel.m; sourceTree = "<group>"; };
		480A948B244DB56100F780F7 /* AAPLLevel.h */ = {isa = PBXFileReference; fileEncoding = 4; lastKnownFileType = sourcecode.c.h; path = AAPLLevel.h; sourceTree = "<group>"; };
		480A948D244DB56100F780F7 /* AAPLEnemyChaseState.m */ = {isa = PBXFileReference; fileEncoding = 4; lastKnownFileType = sourcecode.c.objc; path = AAPLEnemyChaseState.m; sourceTree = "<group>"; };
		480A948E244DB56100F780F7 /* AAPLEnemyDefeatedState.m */ = {isa = PBXFileReference; fileEncoding = 4; lastKnownFileType = sourcecode.c.objc; path = AAPLEnemyDefeatedState.m; sourceTree = "<group>"; };
		480A948F244DB56100F780F7 /* AAPLEnemyFleeState.m */ = {isa = PBXFileReference; fileEncoding = 4; lastKnownFileType = sourcecode.c.objc; path = AAPLEnemyFleeState.m; sourceTree = "<group>"; };
		480A9490244DB56100F780F7 /* AAPLEnemyRespawnState.m */ = {isa = PBXFileReference; fileEncoding = 4; lastKnownFileType = sourcecode.c.objc; path = AAPLEnemyRespawnState.m; sourceTree = "<group>"; };
		480A9491244DB56100F780F7 /* AAPLEnemyState.h */ = {isa = PBXFileReference; fileEncoding = 4; lastKnownFileType = sourcecode.c.h; path = AAPLEnemyState.h; sourceTree = "<group>"; };
		480A9492244DB56100F780F7 /* AAPLEnemyState.m */ = {isa = PBXFileReference; fileEncoding = 4; lastKnownFileType = sourcecode.c.objc; path = AAPLEnemyState.m; sourceTree = "<group>"; };
		480A9493244DB56100F780F7 /* EnemyStates.h */ = {isa = PBXFileReference; fileEncoding = 4; lastKnownFileType = sourcecode.c.h; path = EnemyStates.h; sourceTree = "<group>"; };
		480A94D2244DB61800F780F7 /* GameComponent.swift */ = {isa = PBXFileReference; fileEncoding = 4; lastKnownFileType = sourcecode.swift; path = GameComponent.swift; sourceTree = "<group>"; };
		480A94D4244DB61800F780F7 /* PlayerControlComponent.swift */ = {isa = PBXFileReference; fileEncoding = 4; lastKnownFileType = sourcecode.swift; path = PlayerControlComponent.swift; sourceTree = "<group>"; };
		480A94D5244DB61800F780F7 /* Direction.swift */ = {isa = PBXFileReference; fileEncoding = 4; lastKnownFileType = sourcecode.swift; path = Direction.swift; sourceTree = "<group>"; };
		480A94D6244DB61800F780F7 /* SpriteComponent.swift */ = {isa = PBXFileReference; fileEncoding = 4; lastKnownFileType = sourcecode.swift; path = SpriteComponent.swift; sourceTree = "<group>"; };
		480A94D7244DB61800F780F7 /* GameEntity.swift */ = {isa = PBXFileReference; fileEncoding = 4; lastKnownFileType = sourcecode.swift; path = GameEntity.swift; sourceTree = "<group>"; };
		480A94D9244DB61800F780F7 /* IntelligenceComponent.swift */ = {isa = PBXFileReference; fileEncoding = 4; lastKnownFileType = sourcecode.swift; path = IntelligenceComponent.swift; sourceTree = "<group>"; };
		480A94DA244DB61800F780F7 /* GameRuleSystem.swift */ = {isa = PBXFileReference; fileEncoding = 4; lastKnownFileType = sourcecode.swift; path = GameRuleSystem.swift; sourceTree = "<group>"; };
		480A94DC244DB61800F780F7 /* Game.swift */ = {isa = PBXFileReference; fileEncoding = 4; lastKnownFileType = sourcecode.swift; path = Game.swift; sourceTree = "<group>"; };
		480A94DE244DB61800F780F7 /* Scene.swift */ = {isa = PBXFileReference; fileEncoding = 4; lastKnownFileType = sourcecode.swift; path = Scene.swift; sourceTree = "<group>"; };
		480A94DF244DB61800F780F7 /* SpriteNode.swift */ = {isa = PBXFileReference; fileEncoding = 4; lastKnownFileType = sourcecode.swift; path = SpriteNode.swift; sourceTree = "<group>"; };
		480A94E1244DB61800F780F7 /* Level.swift */ = {isa = PBXFileReference; fileEncoding = 4; lastKnownFileType = sourcecode.swift; path = Level.swift; sourceTree = "<group>"; };
		480A94E3244DB61800F780F7 /* EnemyState.swift */ = {isa = PBXFileReference; fileEncoding = 4; lastKnownFileType = sourcecode.swift; path = EnemyState.swift; sourceTree = "<group>"; };
		480A94E4244DB61800F780F7 /* EnemyRespawnState.swift */ = {isa = PBXFileReference; fileEncoding = 4; lastKnownFileType = sourcecode.swift; path = EnemyRespawnState.swift; sourceTree = "<group>"; };
		480A94E5244DB61800F780F7 /* EnemyChaseState.swift */ = {isa = PBXFileReference; fileEncoding = 4; lastKnownFileType = sourcecode.swift; path = EnemyChaseState.swift; sourceTree = "<group>"; };
		480A94E6244DB61800F780F7 /* EnemyFleeState.swift */ = {isa = PBXFileReference; fileEncoding = 4; lastKnownFileType = sourcecode.swift; path = EnemyFleeState.swift; sourceTree = "<group>"; };
		480A94E7244DB61800F780F7 /* EnemyDefeatedState.swift */ = {isa = PBXFileReference; fileEncoding = 4; lastKnownFileType = sourcecode.swift; path = EnemyDefeatedState.swift; sourceTree = "<group>"; };
		480A94E8244DB61800F780F7 /* Macros.swift */ = {isa = PBXFileReference; fileEncoding = 4; lastKnownFileType = sourcecode.swift; path = Macros.swift; sourceTree = "<group>"; };
		48BD21A6244E05640099A021 /* Base */ = {isa = PBXFileReference; lastKnownFileType = file.xib; name = Base; path = Base.lproj/MainMenu.xib; sourceTree = "<group>"; };
		48BD21A7244E05640099A021 /* Images.xcassets */ = {isa = PBXFileReference; lastKnownFileType = folder.assetcatalog; path = Images.xcassets; sourceTree = "<group>"; };
		48BD21A8244E05640099A021 /* Info.plist */ = {isa = PBXFileReference; fileEncoding = 4; lastKnownFileType = text.plist.xml; path = Info.plist; sourceTree = "<group>"; };
		48BD21AB244E05640099A021 /* AAPLAppDelegate.m */ = {isa = PBXFileReference; fileEncoding = 4; lastKnownFileType = sourcecode.c.objc; path = AAPLAppDelegate.m; sourceTree = "<group>"; };
		48BD21AC244E05640099A021 /* main.m */ = {isa = PBXFileReference; fileEncoding = 4; lastKnownFileType = sourcecode.c.objc; path = main.m; sourceTree = "<group>"; };
		48BD21AD244E05640099A021 /* AAPLAppDelegate.h */ = {isa = PBXFileReference; fileEncoding = 4; lastKnownFileType = sourcecode.c.h; path = AAPLAppDelegate.h; sourceTree = "<group>"; };
		48BD21B5244E06470099A021 /* Base */ = {isa = PBXFileReference; lastKnownFileType = file.xib; name = Base; path = Base.lproj/LaunchScreen.xib; sourceTree = "<group>"; };
		48BD21B7244E06470099A021 /* Base */ = {isa = PBXFileReference; lastKnownFileType = file.storyboard; name = Base; path = Base.lproj/Main.storyboard; sourceTree = "<group>"; };
		48BD21B8244E06470099A021 /* Images.xcassets */ = {isa = PBXFileReference; lastKnownFileType = folder.assetcatalog; path = Images.xcassets; sourceTree = "<group>"; };
		48BD21B9244E06470099A021 /* Info.plist */ = {isa = PBXFileReference; fileEncoding = 4; lastKnownFileType = text.plist.xml; path = Info.plist; sourceTree = "<group>"; };
		48BD21BC244E06470099A021 /* AAPLAppDelegate.m */ = {isa = PBXFileReference; fileEncoding = 4; lastKnownFileType = sourcecode.c.objc; path = AAPLAppDelegate.m; sourceTree = "<group>"; };
		48BD21BD244E06470099A021 /* AAPLGameViewController.h */ = {isa = PBXFileReference; fileEncoding = 4; lastKnownFileType = sourcecode.c.h; path = AAPLGameViewController.h; sourceTree = "<group>"; };
		48BD21BE244E06470099A021 /* main.m */ = {isa = PBXFileReference; fileEncoding = 4; lastKnownFileType = sourcecode.c.objc; path = main.m; sourceTree = "<group>"; };
		48BD21BF244E06470099A021 /* AAPLAppDelegate.h */ = {isa = PBXFileReference; fileEncoding = 4; lastKnownFileType = sourcecode.c.h; path = AAPLAppDelegate.h; sourceTree = "<group>"; };
		48BD21C0244E06470099A021 /* AAPLGameViewController.m */ = {isa = PBXFileReference; fileEncoding = 4; lastKnownFileType = sourcecode.c.objc; path = AAPLGameViewController.m; sourceTree = "<group>"; };
/* End PBXFileReference section */

/* Begin PBXFrameworksBuildPhase section */
		1141FF7E1AE58AFD001AA25A /* Frameworks */ = {
			isa = PBXFrameworksBuildPhase;
			buildActionMask = 2147483647;
			files = (
			);
			runOnlyForDeploymentPostprocessing = 0;
		};
		1141FFAA1AE58BC6001AA25A /* Frameworks */ = {
			isa = PBXFrameworksBuildPhase;
			buildActionMask = 2147483647;
			files = (
			);
			runOnlyForDeploymentPostprocessing = 0;
		};
/* End PBXFrameworksBuildPhase section */

/* Begin PBXGroup section */
		1141FF781AE58AFD001AA25A = {
			isa = PBXGroup;
			children = (
				113D0C6F1B19070400151E17 /* README.md */,
				113D0C6E1B19070400151E17 /* LICENSE.txt */,
				480A9463244DB56000F780F7 /* Common */,
				1141FFAE1AE58BC6001AA25A /* iOS */,
				1141FF831AE58AFD001AA25A /* OSX */,
				1141FF821AE58AFD001AA25A /* Products */,
			);
			sourceTree = "<group>";
		};
		1141FF821AE58AFD001AA25A /* Products */ = {
			isa = PBXGroup;
			children = (
				1141FF811AE58AFD001AA25A /* Maze.app */,
				1141FFAD1AE58BC6001AA25A /* Maze.app */,
			);
			name = Products;
			sourceTree = "<group>";
		};
		1141FF831AE58AFD001AA25A /* OSX */ = {
			isa = PBXGroup;
			children = (
				48BD21AA244E05640099A021 /* ObjC */,
				48BD21A4244E05640099A021 /* SupportingFiles */,
				48BD21A9244E05640099A021 /* Swift */,
			);
			path = OSX;
			sourceTree = "<group>";
		};
		1141FFAE1AE58BC6001AA25A /* iOS */ = {
			isa = PBXGroup;
			children = (
				48BD21BB244E06470099A021 /* ObjC */,
				48BD21B3244E06470099A021 /* SupportingFiles */,
				48BD21BA244E06470099A021 /* Swift */,
			);
			path = iOS;
			sourceTree = "<group>";
		};
		480A9463244DB56000F780F7 /* Common */ = {
			isa = PBXGroup;
			children = (
				480A94D0244DB61800F780F7 /* Swift */,
				480A9477244DB56000F780F7 /* ObjC */,
			);
			path = Common;
			sourceTree = "<group>";
		};
		480A9477244DB56000F780F7 /* ObjC */ = {
			isa = PBXGroup;
			children = (
				480A9478244DB56000F780F7 /* Entity-Component */,
				480A9481244DB56000F780F7 /* SpireKit */,
				480A9486244DB56000F780F7 /* Game */,
				480A9489244DB56100F780F7 /* Level */,
				480A948C244DB56100F780F7 /* EnemyStateMachine */,
			);
			path = ObjC;
			sourceTree = "<group>";
		};
		480A9478244DB56000F780F7 /* Entity-Component */ = {
			isa = PBXGroup;
			children = (
				480A9479244DB56000F780F7 /* AAPLIntelligenceComponent.h */,
				480A947A244DB56000F780F7 /* AAPLPlayerControlComponent.h */,
				480A947B244DB56000F780F7 /* AAPLSpriteComponent.m */,
				480A947C244DB56000F780F7 /* AAPLEntity.h */,
				480A947D244DB56000F780F7 /* AAPLIntelligenceComponent.m */,
				480A947E244DB56000F780F7 /* AAPLPlayerControlComponent.m */,
				480A947F244DB56000F780F7 /* AAPLEntity.m */,
				480A9480244DB56000F780F7 /* AAPLSpriteComponent.h */,
			);
			path = "Entity-Component";
			sourceTree = "<group>";
		};
		480A9481244DB56000F780F7 /* SpireKit */ = {
			isa = PBXGroup;
			children = (
				480A9482244DB56000F780F7 /* AAPLSpriteNode.m */,
				480A9483244DB56000F780F7 /* AAPLScene.m */,
				480A9484244DB56000F780F7 /* AAPLSpriteNode.h */,
				480A9485244DB56000F780F7 /* AAPLScene.h */,
			);
			path = SpireKit;
			sourceTree = "<group>";
		};
		480A9486244DB56000F780F7 /* Game */ = {
			isa = PBXGroup;
			children = (
				480A9487244DB56000F780F7 /* AAPLGame.m */,
				480A9488244DB56100F780F7 /* AAPLGame.h */,
			);
			path = Game;
			sourceTree = "<group>";
		};
		480A9489244DB56100F780F7 /* Level */ = {
			isa = PBXGroup;
			children = (
				480A948A244DB56100F780F7 /* AAPLLevel.m */,
				480A948B244DB56100F780F7 /* AAPLLevel.h */,
			);
			path = Level;
			sourceTree = "<group>";
		};
		480A948C244DB56100F780F7 /* EnemyStateMachine */ = {
			isa = PBXGroup;
			children = (
				480A948D244DB56100F780F7 /* AAPLEnemyChaseState.m */,
				480A948E244DB56100F780F7 /* AAPLEnemyDefeatedState.m */,
				480A948F244DB56100F780F7 /* AAPLEnemyFleeState.m */,
				480A9490244DB56100F780F7 /* AAPLEnemyRespawnState.m */,
				480A9491244DB56100F780F7 /* AAPLEnemyState.h */,
				480A9492244DB56100F780F7 /* AAPLEnemyState.m */,
				480A9493244DB56100F780F7 /* EnemyStates.h */,
			);
			path = EnemyStateMachine;
			sourceTree = "<group>";
		};
		480A94D0244DB61800F780F7 /* Swift */ = {
			isa = PBXGroup;
			children = (
				480A94D1244DB61800F780F7 /* Entity-Component */,
				480A94DB244DB61800F780F7 /* Game */,
				480A94DD244DB61800F780F7 /* SpriteKit */,
				480A94E0244DB61800F780F7 /* Level */,
				480A94E2244DB61800F780F7 /* EnemyStateMachine */,
				480A94E8244DB61800F780F7 /* Macros.swift */,
			);
			path = Swift;
			sourceTree = "<group>";
		};
		480A94D1244DB61800F780F7 /* Entity-Component */ = {
			isa = PBXGroup;
			children = (
				480A94D2244DB61800F780F7 /* GameComponent.swift */,
				480A94D3244DB61800F780F7 /* PlayerControlComponent */,
				480A94D6244DB61800F780F7 /* SpriteComponent.swift */,
				480A94D7244DB61800F780F7 /* GameEntity.swift */,
				480A94D8244DB61800F780F7 /* IntelligenceComponent */,
			);
			path = "Entity-Component";
			sourceTree = "<group>";
		};
		480A94D3244DB61800F780F7 /* PlayerControlComponent */ = {
			isa = PBXGroup;
			children = (
				480A94D4244DB61800F780F7 /* PlayerControlComponent.swift */,
				480A94D5244DB61800F780F7 /* Direction.swift */,
			);
			path = PlayerControlComponent;
			sourceTree = "<group>";
		};
		480A94D8244DB61800F780F7 /* IntelligenceComponent */ = {
			isa = PBXGroup;
			children = (
				480A94D9244DB61800F780F7 /* IntelligenceComponent.swift */,
				480A94DA244DB61800F780F7 /* GameRuleSystem.swift */,
			);
			path = IntelligenceComponent;
			sourceTree = "<group>";
		};
		480A94DB244DB61800F780F7 /* Game */ = {
			isa = PBXGroup;
			children = (
				480A94DC244DB61800F780F7 /* Game.swift */,
			);
			path = Game;
			sourceTree = "<group>";
		};
		480A94DD244DB61800F780F7 /* SpriteKit */ = {
			isa = PBXGroup;
			children = (
				480A94DE244DB61800F780F7 /* Scene.swift */,
				480A94DF244DB61800F780F7 /* SpriteNode.swift */,
			);
			path = SpriteKit;
			sourceTree = "<group>";
		};
		480A94E0244DB61800F780F7 /* Level */ = {
			isa = PBXGroup;
			children = (
				480A94E1244DB61800F780F7 /* Level.swift */,
			);
			path = Level;
			sourceTree = "<group>";
		};
		480A94E2244DB61800F780F7 /* EnemyStateMachine */ = {
			isa = PBXGroup;
			children = (
				480A94E3244DB61800F780F7 /* EnemyState.swift */,
				480A94E4244DB61800F780F7 /* EnemyRespawnState.swift */,
				480A94E5244DB61800F780F7 /* EnemyChaseState.swift */,
				480A94E6244DB61800F780F7 /* EnemyFleeState.swift */,
				480A94E7244DB61800F780F7 /* EnemyDefeatedState.swift */,
			);
			path = EnemyStateMachine;
			sourceTree = "<group>";
		};
		48BD21A4244E05640099A021 /* SupportingFiles */ = {
			isa = PBXGroup;
			children = (
				48BD21A5244E05640099A021 /* MainMenu.xib */,
				48BD21A7244E05640099A021 /* Images.xcassets */,
				48BD21A8244E05640099A021 /* Info.plist */,
			);
			path = SupportingFiles;
			sourceTree = "<group>";
		};
		48BD21A9244E05640099A021 /* Swift */ = {
			isa = PBXGroup;
			children = (
			);
			path = Swift;
			sourceTree = "<group>";
		};
		48BD21AA244E05640099A021 /* ObjC */ = {
			isa = PBXGroup;
			children = (
				48BD21AB244E05640099A021 /* AAPLAppDelegate.m */,
				48BD21AC244E05640099A021 /* main.m */,
				48BD21AD244E05640099A021 /* AAPLAppDelegate.h */,
			);
			path = ObjC;
			sourceTree = "<group>";
		};
		48BD21B3244E06470099A021 /* SupportingFiles */ = {
			isa = PBXGroup;
			children = (
				48BD21B4244E06470099A021 /* LaunchScreen.xib */,
				48BD21B6244E06470099A021 /* Main.storyboard */,
				48BD21B8244E06470099A021 /* Images.xcassets */,
				48BD21B9244E06470099A021 /* Info.plist */,
			);
			path = SupportingFiles;
			sourceTree = "<group>";
		};
		48BD21BA244E06470099A021 /* Swift */ = {
			isa = PBXGroup;
			children = (
			);
			path = Swift;
			sourceTree = "<group>";
		};
		48BD21BB244E06470099A021 /* ObjC */ = {
			isa = PBXGroup;
			children = (
				48BD21BC244E06470099A021 /* AAPLAppDelegate.m */,
				48BD21BD244E06470099A021 /* AAPLGameViewController.h */,
				48BD21BE244E06470099A021 /* main.m */,
				48BD21BF244E06470099A021 /* AAPLAppDelegate.h */,
				48BD21C0244E06470099A021 /* AAPLGameViewController.m */,
			);
			path = ObjC;
			sourceTree = "<group>";
		};
/* End PBXGroup section */

/* Begin PBXNativeTarget section */
		1141FF801AE58AFD001AA25A /* Maze-OSX */ = {
			isa = PBXNativeTarget;
			buildConfigurationList = 1141FFA21AE58AFD001AA25A /* Build configuration list for PBXNativeTarget "Maze-OSX" */;
			buildPhases = (
				1141FF7D1AE58AFD001AA25A /* Sources */,
				1141FF7E1AE58AFD001AA25A /* Frameworks */,
				1141FF7F1AE58AFD001AA25A /* Resources */,
			);
			buildRules = (
			);
			dependencies = (
			);
			name = "Maze-OSX";
			productName = Maze;
			productReference = 1141FF811AE58AFD001AA25A /* Maze.app */;
			productType = "com.apple.product-type.application";
		};
		1141FFAC1AE58BC6001AA25A /* Maze-iOS */ = {
			isa = PBXNativeTarget;
			buildConfigurationList = 1141FFD11AE58BC6001AA25A /* Build configuration list for PBXNativeTarget "Maze-iOS" */;
			buildPhases = (
				1141FFA91AE58BC6001AA25A /* Sources */,
				1141FFAA1AE58BC6001AA25A /* Frameworks */,
				1141FFAB1AE58BC6001AA25A /* Resources */,
			);
			buildRules = (
			);
			dependencies = (
			);
			name = "Maze-iOS";
			productName = Mazeios;
			productReference = 1141FFAD1AE58BC6001AA25A /* Maze.app */;
			productType = "com.apple.product-type.application";
		};
/* End PBXNativeTarget section */

/* Begin PBXProject section */
		1141FF791AE58AFD001AA25A /* Project object */ = {
			isa = PBXProject;
			attributes = {
				LastSwiftUpdateCheck = 0700;
				LastUpgradeCheck = 0700;
				ORGANIZATIONNAME = "Apple Inc.";
				TargetAttributes = {
					1141FF801AE58AFD001AA25A = {
						CreatedOnToolsVersion = 7.0;
						LastSwiftMigration = 1140;
					};
					1141FFAC1AE58BC6001AA25A = {
						CreatedOnToolsVersion = 7.0;
						LastSwiftMigration = 1140;
					};
				};
			};
			buildConfigurationList = 1141FF7C1AE58AFD001AA25A /* Build configuration list for PBXProject "Maze" */;
			compatibilityVersion = "Xcode 3.2";
			developmentRegion = English;
			hasScannedForEncodings = 0;
			knownRegions = (
				English,
				en,
				Base,
			);
			mainGroup = 1141FF781AE58AFD001AA25A;
			productRefGroup = 1141FF821AE58AFD001AA25A /* Products */;
			projectDirPath = "";
			projectRoot = "";
			targets = (
				1141FF801AE58AFD001AA25A /* Maze-OSX */,
				1141FFAC1AE58BC6001AA25A /* Maze-iOS */,
			);
		};
/* End PBXProject section */

/* Begin PBXResourcesBuildPhase section */
		1141FF7F1AE58AFD001AA25A /* Resources */ = {
			isa = PBXResourcesBuildPhase;
			buildActionMask = 2147483647;
			files = (
				48BD21AE244E05640099A021 /* MainMenu.xib in Resources */,
				48BD21AF244E05640099A021 /* Images.xcassets in Resources */,
			);
			runOnlyForDeploymentPostprocessing = 0;
		};
		1141FFAB1AE58BC6001AA25A /* Resources */ = {
			isa = PBXResourcesBuildPhase;
			buildActionMask = 2147483647;
			files = (
				48BD21C3244E06470099A021 /* Images.xcassets in Resources */,
				48BD21C1244E06470099A021 /* LaunchScreen.xib in Resources */,
				48BD21C2244E06470099A021 /* Main.storyboard in Resources */,
			);
			runOnlyForDeploymentPostprocessing = 0;
		};
/* End PBXResourcesBuildPhase section */

/* Begin PBXSourcesBuildPhase section */
		1141FF7D1AE58AFD001AA25A /* Sources */ = {
			isa = PBXSourcesBuildPhase;
			buildActionMask = 2147483647;
			files = (
				480A94FD244DB61800F780F7 /* Level.swift in Sources */,
				480A9501244DB61800F780F7 /* EnemyRespawnState.swift in Sources */,
				480A94B6244DB56100F780F7 /* AAPLSpriteComponent.m in Sources */,
				480A9505244DB61800F780F7 /* EnemyFleeState.swift in Sources */,
				480A9503244DB61800F780F7 /* EnemyChaseState.swift in Sources */,
				480A94CE244DB56100F780F7 /* AAPLEnemyState.m in Sources */,
				48BD21B2244E05640099A021 /* main.m in Sources */,
				480A94EB244DB61800F780F7 /* PlayerControlComponent.swift in Sources */,
				480A94FF244DB61800F780F7 /* EnemyState.swift in Sources */,
				480A94BA244DB56100F780F7 /* AAPLPlayerControlComponent.m in Sources */,
				480A94C4244DB56100F780F7 /* AAPLLevel.m in Sources */,
				480A9509244DB61800F780F7 /* Macros.swift in Sources */,
				480A94FB244DB61800F780F7 /* SpriteNode.swift in Sources */,
				480A94B8244DB56100F780F7 /* AAPLIntelligenceComponent.m in Sources */,
				480A94BC244DB56100F780F7 /* AAPLEntity.m in Sources */,
				480A94CC244DB56100F780F7 /* AAPLEnemyRespawnState.m in Sources */,
				480A94C0244DB56100F780F7 /* AAPLScene.m in Sources */,
				480A94EF244DB61800F780F7 /* SpriteComponent.swift in Sources */,
				480A94F5244DB61800F780F7 /* GameRuleSystem.swift in Sources */,
				480A94CA244DB56100F780F7 /* AAPLEnemyFleeState.m in Sources */,
				480A94E9244DB61800F780F7 /* GameComponent.swift in Sources */,
				480A9507244DB61800F780F7 /* EnemyDefeatedState.swift in Sources */,
				48BD21B1244E05640099A021 /* AAPLAppDelegate.m in Sources */,
				480A94F1244DB61800F780F7 /* GameEntity.swift in Sources */,
				480A94C8244DB56100F780F7 /* AAPLEnemyDefeatedState.m in Sources */,
				480A94C2244DB56100F780F7 /* AAPLGame.m in Sources */,
				480A94C6244DB56100F780F7 /* AAPLEnemyChaseState.m in Sources */,
				480A94BE244DB56100F780F7 /* AAPLSpriteNode.m in Sources */,
				480A94F9244DB61800F780F7 /* Scene.swift in Sources */,
				480A94F3244DB61800F780F7 /* IntelligenceComponent.swift in Sources */,
				480A94ED244DB61800F780F7 /* Direction.swift in Sources */,
				480A94F7244DB61800F780F7 /* Game.swift in Sources */,
			);
			runOnlyForDeploymentPostprocessing = 0;
		};
		1141FFA91AE58BC6001AA25A /* Sources */ = {
			isa = PBXSourcesBuildPhase;
			buildActionMask = 2147483647;
			files = (
				480A94FC244DB61800F780F7 /* SpriteNode.swift in Sources */,
				480A9504244DB61800F780F7 /* EnemyChaseState.swift in Sources */,
				480A94C5244DB56100F780F7 /* AAPLLevel.m in Sources */,
				480A94BB244DB56100F780F7 /* AAPLPlayerControlComponent.m in Sources */,
				480A9508244DB61800F780F7 /* EnemyDefeatedState.swift in Sources */,
				480A94FE244DB61800F780F7 /* Level.swift in Sources */,
				48BD21C6244E06470099A021 /* main.m in Sources */,
				480A94FA244DB61800F780F7 /* Scene.swift in Sources */,
				480A94EC244DB61800F780F7 /* PlayerControlComponent.swift in Sources */,
				480A94B7244DB56100F780F7 /* AAPLSpriteComponent.m in Sources */,
				480A94B9244DB56100F780F7 /* AAPLIntelligenceComponent.m in Sources */,
				480A94BD244DB56100F780F7 /* AAPLEntity.m in Sources */,
				480A94F0244DB61800F780F7 /* SpriteComponent.swift in Sources */,
				480A9500244DB61800F780F7 /* EnemyState.swift in Sources */,
				480A94F8244DB61800F780F7 /* Game.swift in Sources */,
				480A94F2244DB61800F780F7 /* GameEntity.swift in Sources */,
				480A94CD244DB56100F780F7 /* AAPLEnemyRespawnState.m in Sources */,
				480A94EA244DB61800F780F7 /* GameComponent.swift in Sources */,
				480A94C3244DB56100F780F7 /* AAPLGame.m in Sources */,
				480A94F6244DB61800F780F7 /* GameRuleSystem.swift in Sources */,
				480A94CB244DB56100F780F7 /* AAPLEnemyFleeState.m in Sources */,
				480A9502244DB61800F780F7 /* EnemyRespawnState.swift in Sources */,
				48BD21C7244E06470099A021 /* AAPLGameViewController.m in Sources */,
				48BD21C5244E06470099A021 /* AAPLAppDelegate.m in Sources */,
				480A94C1244DB56100F780F7 /* AAPLScene.m in Sources */,
				480A94EE244DB61800F780F7 /* Direction.swift in Sources */,
				480A94BF244DB56100F780F7 /* AAPLSpriteNode.m in Sources */,
				480A950A244DB61800F780F7 /* Macros.swift in Sources */,
				480A94F4244DB61800F780F7 /* IntelligenceComponent.swift in Sources */,
				480A94C9244DB56100F780F7 /* AAPLEnemyDefeatedState.m in Sources */,
				480A9506244DB61800F780F7 /* EnemyFleeState.swift in Sources */,
				480A94C7244DB56100F780F7 /* AAPLEnemyChaseState.m in Sources */,
				480A94CF244DB56100F780F7 /* AAPLEnemyState.m in Sources */,
			);
			runOnlyForDeploymentPostprocessing = 0;
		};
/* End PBXSourcesBuildPhase section */

/* Begin PBXVariantGroup section */
		48BD21A5244E05640099A021 /* MainMenu.xib */ = {
			isa = PBXVariantGroup;
			children = (
				48BD21A6244E05640099A021 /* Base */,
			);
			name = MainMenu.xib;
			sourceTree = "<group>";
		};
		48BD21B4244E06470099A021 /* LaunchScreen.xib */ = {
			isa = PBXVariantGroup;
			children = (
				48BD21B5244E06470099A021 /* Base */,
			);
			name = LaunchScreen.xib;
			sourceTree = "<group>";
		};
		48BD21B6244E06470099A021 /* Main.storyboard */ = {
			isa = PBXVariantGroup;
			children = (
				48BD21B7244E06470099A021 /* Base */,
			);
			name = Main.storyboard;
			sourceTree = "<group>";
		};
/* End PBXVariantGroup section */

/* Begin XCBuildConfiguration section */
		1141FFA01AE58AFD001AA25A /* Debug */ = {
			isa = XCBuildConfiguration;
			buildSettings = {
				ALWAYS_SEARCH_USER_PATHS = NO;
				CLANG_CXX_LANGUAGE_STANDARD = "gnu++0x";
				CLANG_CXX_LIBRARY = "libc++";
				CLANG_ENABLE_MODULES = YES;
				CLANG_ENABLE_OBJC_ARC = YES;
				CLANG_WARN_BOOL_CONVERSION = YES;
				CLANG_WARN_CONSTANT_CONVERSION = YES;
				CLANG_WARN_DIRECT_OBJC_ISA_USAGE = YES_ERROR;
				CLANG_WARN_EMPTY_BODY = YES;
				CLANG_WARN_ENUM_CONVERSION = YES;
				CLANG_WARN_INT_CONVERSION = YES;
				CLANG_WARN_OBJC_ROOT_CLASS = YES_ERROR;
				CLANG_WARN_UNREACHABLE_CODE = YES;
				CLANG_WARN__DUPLICATE_METHOD_MATCH = YES;
				CODE_SIGN_IDENTITY = "-";
				COPY_PHASE_STRIP = NO;
				DEBUG_INFORMATION_FORMAT = dwarf;
				ENABLE_STRICT_OBJC_MSGSEND = YES;
				ENABLE_TESTABILITY = YES;
				GCC_C_LANGUAGE_STANDARD = gnu99;
				GCC_DYNAMIC_NO_PIC = NO;
				GCC_NO_COMMON_BLOCKS = YES;
				GCC_OPTIMIZATION_LEVEL = 0;
				GCC_PREPROCESSOR_DEFINITIONS = (
					"DEBUG=1",
					"$(inherited)",
				);
				GCC_SYMBOLS_PRIVATE_EXTERN = NO;
				GCC_WARN_64_TO_32_BIT_CONVERSION = YES;
				GCC_WARN_ABOUT_RETURN_TYPE = YES_ERROR;
				GCC_WARN_UNDECLARED_SELECTOR = YES;
				GCC_WARN_UNINITIALIZED_AUTOS = YES_AGGRESSIVE;
				GCC_WARN_UNUSED_FUNCTION = YES;
				GCC_WARN_UNUSED_VARIABLE = YES;
				IPHONEOS_DEPLOYMENT_TARGET = 13.0;
				MACOSX_DEPLOYMENT_TARGET = 10.15;
				MTL_ENABLE_DEBUG_INFO = YES;
				ONLY_ACTIVE_ARCH = YES;
				PRODUCT_NAME = "$(PROJECT_NAME)";
				SDKROOT = macosx;
			};
			name = Debug;
		};
		1141FFA11AE58AFD001AA25A /* Release */ = {
			isa = XCBuildConfiguration;
			buildSettings = {
				ALWAYS_SEARCH_USER_PATHS = NO;
				CLANG_CXX_LANGUAGE_STANDARD = "gnu++0x";
				CLANG_CXX_LIBRARY = "libc++";
				CLANG_ENABLE_MODULES = YES;
				CLANG_ENABLE_OBJC_ARC = YES;
				CLANG_WARN_BOOL_CONVERSION = YES;
				CLANG_WARN_CONSTANT_CONVERSION = YES;
				CLANG_WARN_DIRECT_OBJC_ISA_USAGE = YES_ERROR;
				CLANG_WARN_EMPTY_BODY = YES;
				CLANG_WARN_ENUM_CONVERSION = YES;
				CLANG_WARN_INT_CONVERSION = YES;
				CLANG_WARN_OBJC_ROOT_CLASS = YES_ERROR;
				CLANG_WARN_UNREACHABLE_CODE = YES;
				CLANG_WARN__DUPLICATE_METHOD_MATCH = YES;
				CODE_SIGN_IDENTITY = "-";
				COPY_PHASE_STRIP = NO;
				DEBUG_INFORMATION_FORMAT = "dwarf-with-dsym";
				ENABLE_NS_ASSERTIONS = NO;
				ENABLE_STRICT_OBJC_MSGSEND = YES;
				GCC_C_LANGUAGE_STANDARD = gnu99;
				GCC_NO_COMMON_BLOCKS = YES;
				GCC_WARN_64_TO_32_BIT_CONVERSION = YES;
				GCC_WARN_ABOUT_RETURN_TYPE = YES_ERROR;
				GCC_WARN_UNDECLARED_SELECTOR = YES;
				GCC_WARN_UNINITIALIZED_AUTOS = YES_AGGRESSIVE;
				GCC_WARN_UNUSED_FUNCTION = YES;
				GCC_WARN_UNUSED_VARIABLE = YES;
				IPHONEOS_DEPLOYMENT_TARGET = 13.0;
				MACOSX_DEPLOYMENT_TARGET = 10.15;
				MTL_ENABLE_DEBUG_INFO = NO;
				PRODUCT_NAME = "$(PROJECT_NAME)";
				SDKROOT = macosx;
			};
			name = Release;
		};
		1141FFA31AE58AFD001AA25A /* Debug */ = {
			isa = XCBuildConfiguration;
			buildSettings = {
				ASSETCATALOG_COMPILER_APPICON_NAME = AppIcon;
				CLANG_ENABLE_MODULES = YES;
				COMBINE_HIDPI_IMAGES = YES;
				INFOPLIST_FILE = OSX/SupportingFiles/Info.plist;
				LD_RUNPATH_SEARCH_PATHS = "$(inherited) @executable_path/../Frameworks";
				PRODUCT_BUNDLE_IDENTIFIER = "com.example.apple-samplecode.Maze";
				PRODUCT_NAME = Maze;
				SWIFT_OPTIMIZATION_LEVEL = "-Onone";
				SWIFT_VERSION = 5.0;
			};
			name = Debug;
		};
		1141FFA41AE58AFD001AA25A /* Release */ = {
			isa = XCBuildConfiguration;
			buildSettings = {
				ASSETCATALOG_COMPILER_APPICON_NAME = AppIcon;
				CLANG_ENABLE_MODULES = YES;
				COMBINE_HIDPI_IMAGES = YES;
				INFOPLIST_FILE = OSX/SupportingFiles/Info.plist;
				LD_RUNPATH_SEARCH_PATHS = "$(inherited) @executable_path/../Frameworks";
				PRODUCT_BUNDLE_IDENTIFIER = "com.example.apple-samplecode.Maze";
				PRODUCT_NAME = Maze;
				SWIFT_VERSION = 5.0;
			};
			name = Release;
		};
		1141FFD21AE58BC6001AA25A /* Debug */ = {
			isa = XCBuildConfiguration;
			buildSettings = {
				ASSETCATALOG_COMPILER_APPICON_NAME = AppIcon;
				CLANG_ENABLE_MODULES = YES;
				"CODE_SIGN_IDENTITY[sdk=iphoneos*]" = "iPhone Developer";
				DEBUG_INFORMATION_FORMAT = "dwarf-with-dsym";
				INFOPLIST_FILE = iOS/SupportingFiles/Info.plist;
				LD_RUNPATH_SEARCH_PATHS = "$(inherited) @executable_path/Frameworks";
				PRODUCT_BUNDLE_IDENTIFIER = "com.example.apple-samplecode.Maze";
				PRODUCT_NAME = Maze;
				SDKROOT = iphoneos;
				SWIFT_OPTIMIZATION_LEVEL = "-Onone";
				SWIFT_VERSION = 5.0;
				TARGETED_DEVICE_FAMILY = "1,2";
			};
			name = Debug;
		};
		1141FFD31AE58BC6001AA25A /* Release */ = {
			isa = XCBuildConfiguration;
			buildSettings = {
				ASSETCATALOG_COMPILER_APPICON_NAME = AppIcon;
				CLANG_ENABLE_MODULES = YES;
				"CODE_SIGN_IDENTITY[sdk=iphoneos*]" = "iPhone Developer";
				INFOPLIST_FILE = iOS/SupportingFiles/Info.plist;
				LD_RUNPATH_SEARCH_PATHS = "$(inherited) @executable_path/Frameworks";
				PRODUCT_BUNDLE_IDENTIFIER = "com.example.apple-samplecode.Maze";
				PRODUCT_NAME = Maze;
				SDKROOT = iphoneos;
				SWIFT_VERSION = 5.0;
				TARGETED_DEVICE_FAMILY = "1,2";
				VALIDATE_PRODUCT = YES;
			};
			name = Release;
		};
/* End XCBuildConfiguration section */

/* Begin XCConfigurationList section */
		1141FF7C1AE58AFD001AA25A /* Build configuration list for PBXProject "Maze" */ = {
			isa = XCConfigurationList;
			buildConfigurations = (
				1141FFA01AE58AFD001AA25A /* Debug */,
				1141FFA11AE58AFD001AA25A /* Release */,
			);
			defaultConfigurationIsVisible = 0;
			defaultConfigurationName = Release;
		};
		1141FFA21AE58AFD001AA25A /* Build configuration list for PBXNativeTarget "Maze-OSX" */ = {
			isa = XCConfigurationList;
			buildConfigurations = (
				1141FFA31AE58AFD001AA25A /* Debug */,
				1141FFA41AE58AFD001AA25A /* Release */,
			);
			defaultConfigurationIsVisible = 0;
			defaultConfigurationName = Release;
		};
		1141FFD11AE58BC6001AA25A /* Build configuration list for PBXNativeTarget "Maze-iOS" */ = {
			isa = XCConfigurationList;
			buildConfigurations = (
				1141FFD21AE58BC6001AA25A /* Debug */,
				1141FFD31AE58BC6001AA25A /* Release */,
			);
			defaultConfigurationIsVisible = 0;
			defaultConfigurationName = Release;
		};
/* End XCConfigurationList section */
	};
	rootObject = 1141FF791AE58AFD001AA25A /* Project object */;
}
