// !$*UTF8*$!
{
	archiveVersion = 1;
	classes = {
	};
	objectVersion = 50;
	objects = {

/* Begin PBXBuildFile section */
		483798512455C962002DB9FD /* SKSpriteNode_Extensions.swift in Sources */ = {isa = PBXBuildFile; fileRef = 483798502455C962002DB9FD /* SKSpriteNode_Extensions.swift */; };
		483798522455C962002DB9FD /* SKSpriteNode_Extensions.swift in Sources */ = {isa = PBXBuildFile; fileRef = 483798502455C962002DB9FD /* SKSpriteNode_Extensions.swift */; };
		483798562455CD1C002DB9FD /* UIColor+Random.swift in Sources */ = {isa = PBXBuildFile; fileRef = 483798542455CD1C002DB9FD /* UIColor+Random.swift */; };
		483798592455CD3B002DB9FD /* NSColor+Random.swift in Sources */ = {isa = PBXBuildFile; fileRef = 483798582455CD3B002DB9FD /* NSColor+Random.swift */; };
		4837985D2455CD78002DB9FD /* ContactCategory.swift in Sources */ = {isa = PBXBuildFile; fileRef = 4837985C2455CD78002DB9FD /* ContactCategory.swift */; };
		4837985E2455CD78002DB9FD /* ContactCategory.swift in Sources */ = {isa = PBXBuildFile; fileRef = 4837985C2455CD78002DB9FD /* ContactCategory.swift */; };
		483798602455CDDA002DB9FD /* NSWindow+Create.swift in Sources */ = {isa = PBXBuildFile; fileRef = 4837985F2455CDDA002DB9FD /* NSWindow+Create.swift */; };
		4889A502244E1DB400D0A711 /* GameComponent.swift in Sources */ = {isa = PBXBuildFile; fileRef = 4889A4EB244E1DB400D0A711 /* GameComponent.swift */; };
		4889A503244E1DB400D0A711 /* GameComponent.swift in Sources */ = {isa = PBXBuildFile; fileRef = 4889A4EB244E1DB400D0A711 /* GameComponent.swift */; };
		4889A504244E1DB400D0A711 /* PlayerControlComponent.swift in Sources */ = {isa = PBXBuildFile; fileRef = 4889A4ED244E1DB400D0A711 /* PlayerControlComponent.swift */; };
		4889A505244E1DB400D0A711 /* PlayerControlComponent.swift in Sources */ = {isa = PBXBuildFile; fileRef = 4889A4ED244E1DB400D0A711 /* PlayerControlComponent.swift */; };
		4889A506244E1DB400D0A711 /* Direction.swift in Sources */ = {isa = PBXBuildFile; fileRef = 4889A4EE244E1DB400D0A711 /* Direction.swift */; };
		4889A507244E1DB400D0A711 /* Direction.swift in Sources */ = {isa = PBXBuildFile; fileRef = 4889A4EE244E1DB400D0A711 /* Direction.swift */; };
		4889A508244E1DB400D0A711 /* SpriteComponent.swift in Sources */ = {isa = PBXBuildFile; fileRef = 4889A4EF244E1DB400D0A711 /* SpriteComponent.swift */; };
		4889A509244E1DB400D0A711 /* SpriteComponent.swift in Sources */ = {isa = PBXBuildFile; fileRef = 4889A4EF244E1DB400D0A711 /* SpriteComponent.swift */; };
		4889A50A244E1DB400D0A711 /* GameEntity.swift in Sources */ = {isa = PBXBuildFile; fileRef = 4889A4F0244E1DB400D0A711 /* GameEntity.swift */; };
		4889A50B244E1DB400D0A711 /* GameEntity.swift in Sources */ = {isa = PBXBuildFile; fileRef = 4889A4F0244E1DB400D0A711 /* GameEntity.swift */; };
		4889A50C244E1DB400D0A711 /* IntelligenceComponent.swift in Sources */ = {isa = PBXBuildFile; fileRef = 4889A4F2244E1DB400D0A711 /* IntelligenceComponent.swift */; };
		4889A50D244E1DB400D0A711 /* IntelligenceComponent.swift in Sources */ = {isa = PBXBuildFile; fileRef = 4889A4F2244E1DB400D0A711 /* IntelligenceComponent.swift */; };
		4889A50E244E1DB400D0A711 /* GameRuleSystem.swift in Sources */ = {isa = PBXBuildFile; fileRef = 4889A4F3244E1DB400D0A711 /* GameRuleSystem.swift */; };
		4889A50F244E1DB400D0A711 /* GameRuleSystem.swift in Sources */ = {isa = PBXBuildFile; fileRef = 4889A4F3244E1DB400D0A711 /* GameRuleSystem.swift */; };
		4889A510244E1DB400D0A711 /* Game.swift in Sources */ = {isa = PBXBuildFile; fileRef = 4889A4F5244E1DB400D0A711 /* Game.swift */; };
		4889A511244E1DB400D0A711 /* Game.swift in Sources */ = {isa = PBXBuildFile; fileRef = 4889A4F5244E1DB400D0A711 /* Game.swift */; };
		4889A512244E1DB400D0A711 /* Scene.swift in Sources */ = {isa = PBXBuildFile; fileRef = 4889A4F7244E1DB400D0A711 /* Scene.swift */; };
		4889A513244E1DB400D0A711 /* Scene.swift in Sources */ = {isa = PBXBuildFile; fileRef = 4889A4F7244E1DB400D0A711 /* Scene.swift */; };
		4889A514244E1DB400D0A711 /* SpriteNode.swift in Sources */ = {isa = PBXBuildFile; fileRef = 4889A4F8244E1DB400D0A711 /* SpriteNode.swift */; };
		4889A515244E1DB400D0A711 /* SpriteNode.swift in Sources */ = {isa = PBXBuildFile; fileRef = 4889A4F8244E1DB400D0A711 /* SpriteNode.swift */; };
		4889A516244E1DB400D0A711 /* GenericLevel.swift in Sources */ = {isa = PBXBuildFile; fileRef = 4889A4FA244E1DB400D0A711 /* GenericLevel.swift */; };
		4889A517244E1DB400D0A711 /* GenericLevel.swift in Sources */ = {isa = PBXBuildFile; fileRef = 4889A4FA244E1DB400D0A711 /* GenericLevel.swift */; };
		4889A518244E1DB400D0A711 /* EnemyState.swift in Sources */ = {isa = PBXBuildFile; fileRef = 4889A4FC244E1DB400D0A711 /* EnemyState.swift */; };
		4889A519244E1DB400D0A711 /* EnemyState.swift in Sources */ = {isa = PBXBuildFile; fileRef = 4889A4FC244E1DB400D0A711 /* EnemyState.swift */; };
		4889A51A244E1DB400D0A711 /* EnemyRespawnState.swift in Sources */ = {isa = PBXBuildFile; fileRef = 4889A4FD244E1DB400D0A711 /* EnemyRespawnState.swift */; };
		4889A51B244E1DB400D0A711 /* EnemyRespawnState.swift in Sources */ = {isa = PBXBuildFile; fileRef = 4889A4FD244E1DB400D0A711 /* EnemyRespawnState.swift */; };
		4889A51C244E1DB400D0A711 /* EnemyChaseState.swift in Sources */ = {isa = PBXBuildFile; fileRef = 4889A4FE244E1DB400D0A711 /* EnemyChaseState.swift */; };
		4889A51D244E1DB400D0A711 /* EnemyChaseState.swift in Sources */ = {isa = PBXBuildFile; fileRef = 4889A4FE244E1DB400D0A711 /* EnemyChaseState.swift */; };
		4889A51E244E1DB400D0A711 /* EnemyFleeState.swift in Sources */ = {isa = PBXBuildFile; fileRef = 4889A4FF244E1DB400D0A711 /* EnemyFleeState.swift */; };
		4889A51F244E1DB400D0A711 /* EnemyFleeState.swift in Sources */ = {isa = PBXBuildFile; fileRef = 4889A4FF244E1DB400D0A711 /* EnemyFleeState.swift */; };
		4889A520244E1DB400D0A711 /* EnemyDefeatedState.swift in Sources */ = {isa = PBXBuildFile; fileRef = 4889A500244E1DB400D0A711 /* EnemyDefeatedState.swift */; };
		4889A521244E1DB400D0A711 /* EnemyDefeatedState.swift in Sources */ = {isa = PBXBuildFile; fileRef = 4889A500244E1DB400D0A711 /* EnemyDefeatedState.swift */; };
		4889A522244E1DB400D0A711 /* Macros.swift in Sources */ = {isa = PBXBuildFile; fileRef = 4889A501244E1DB400D0A711 /* Macros.swift */; };
		4889A523244E1DB400D0A711 /* Macros.swift in Sources */ = {isa = PBXBuildFile; fileRef = 4889A501244E1DB400D0A711 /* Macros.swift */; };
		4889A538244E1F6F00D0A711 /* AppDelegate.swift in Sources */ = {isa = PBXBuildFile; fileRef = 4889A531244E1F6F00D0A711 /* AppDelegate.swift */; };
		4889A539244E1F6F00D0A711 /* Assets.xcassets in Resources */ = {isa = PBXBuildFile; fileRef = 4889A533244E1F6F00D0A711 /* Assets.xcassets */; };
		4889A53A244E1F6F00D0A711 /* Main.storyboard in Resources */ = {isa = PBXBuildFile; fileRef = 4889A534244E1F6F00D0A711 /* Main.storyboard */; };
		4889A544244E1FCC00D0A711 /* AppDelegate.swift in Sources */ = {isa = PBXBuildFile; fileRef = 4889A53C244E1FCC00D0A711 /* AppDelegate.swift */; };
		4889A545244E1FCC00D0A711 /* Assets.xcassets in Resources */ = {isa = PBXBuildFile; fileRef = 4889A53E244E1FCC00D0A711 /* Assets.xcassets */; };
		4889A546244E1FCC00D0A711 /* LaunchScreen.storyboard in Resources */ = {isa = PBXBuildFile; fileRef = 4889A53F244E1FCC00D0A711 /* LaunchScreen.storyboard */; };
		4889A547244E1FCC00D0A711 /* Main.storyboard in Resources */ = {isa = PBXBuildFile; fileRef = 4889A541244E1FCC00D0A711 /* Main.storyboard */; };
		48DBFF6324544C5000EE92F1 /* ExpressibleByIntegerLiteral+RawValue.swift in Sources */ = {isa = PBXBuildFile; fileRef = 48DBFF6224544C5000EE92F1 /* ExpressibleByIntegerLiteral+RawValue.swift */; };
		48DBFF6424544C5000EE92F1 /* ExpressibleByIntegerLiteral+RawValue.swift in Sources */ = {isa = PBXBuildFile; fileRef = 48DBFF6224544C5000EE92F1 /* ExpressibleByIntegerLiteral+RawValue.swift */; };
		48DBFF6624544C7000EE92F1 /* GridPosition.swift in Sources */ = {isa = PBXBuildFile; fileRef = 48DBFF6524544C7000EE92F1 /* GridPosition.swift */; };
		48DBFF6724544C7000EE92F1 /* GridPosition.swift in Sources */ = {isa = PBXBuildFile; fileRef = 48DBFF6524544C7000EE92F1 /* GridPosition.swift */; };
		48DBFF6A24544CB500EE92F1 /* Simple.swift in Sources */ = {isa = PBXBuildFile; fileRef = 48DBFF6924544CB500EE92F1 /* Simple.swift */; };
		48DBFF6B24544CB500EE92F1 /* Simple.swift in Sources */ = {isa = PBXBuildFile; fileRef = 48DBFF6924544CB500EE92F1 /* Simple.swift */; };
		48DD8BC824505E5100322B13 /* main.swift in Sources */ = {isa = PBXBuildFile; fileRef = 4889A549244E202200D0A711 /* main.swift */; };
		48DD8BCD2450620B00322B13 /* AbstractSize.swift in Sources */ = {isa = PBXBuildFile; fileRef = 48DD8BC92450620B00322B13 /* AbstractSize.swift */; };
		48DD8BCE2450620B00322B13 /* AbstractSize.swift in Sources */ = {isa = PBXBuildFile; fileRef = 48DD8BC92450620B00322B13 /* AbstractSize.swift */; };
		48DD8BCF2450620B00322B13 /* AbstractLengthUnit.swift in Sources */ = {isa = PBXBuildFile; fileRef = 48DD8BCA2450620B00322B13 /* AbstractLengthUnit.swift */; };
		48DD8BD02450620B00322B13 /* AbstractLengthUnit.swift in Sources */ = {isa = PBXBuildFile; fileRef = 48DD8BCA2450620B00322B13 /* AbstractLengthUnit.swift */; };
		48DD8BD32450620B00322B13 /* AbstractCoordinate.swift in Sources */ = {isa = PBXBuildFile; fileRef = 48DD8BCC2450620B00322B13 /* AbstractCoordinate.swift */; };
		48DD8BD42450620B00322B13 /* AbstractCoordinate.swift in Sources */ = {isa = PBXBuildFile; fileRef = 48DD8BCC2450620B00322B13 /* AbstractCoordinate.swift */; };
		48DD8BD8245063C500322B13 /* Level+Map+One.swift in Sources */ = {isa = PBXBuildFile; fileRef = 48DD8BD7245063C500322B13 /* Level+Map+One.swift */; };
		48DD8BD9245063C500322B13 /* Level+Map+One.swift in Sources */ = {isa = PBXBuildFile; fileRef = 48DD8BD7245063C500322B13 /* Level+Map+One.swift */; };
		48DD8BDB24543E6D00322B13 /* Level+Map.swift in Sources */ = {isa = PBXBuildFile; fileRef = 48DD8BDA24543E6D00322B13 /* Level+Map.swift */; };
		48DD8BDC24543E6D00322B13 /* Level+Map.swift in Sources */ = {isa = PBXBuildFile; fileRef = 48DD8BDA24543E6D00322B13 /* Level+Map.swift */; };
/* End PBXBuildFile section */

/* Begin PBXFileReference section */
		483798502455C962002DB9FD /* SKSpriteNode_Extensions.swift */ = {isa = PBXFileReference; lastKnownFileType = sourcecode.swift; path = SKSpriteNode_Extensions.swift; sourceTree = "<group>"; };
		483798542455CD1C002DB9FD /* UIColor+Random.swift */ = {isa = PBXFileReference; lastKnownFileType = sourcecode.swift; path = "UIColor+Random.swift"; sourceTree = "<group>"; };
		483798582455CD3B002DB9FD /* NSColor+Random.swift */ = {isa = PBXFileReference; lastKnownFileType = sourcecode.swift; path = "NSColor+Random.swift"; sourceTree = "<group>"; };
		4837985C2455CD78002DB9FD /* ContactCategory.swift */ = {isa = PBXFileReference; lastKnownFileType = sourcecode.swift; path = ContactCategory.swift; sourceTree = "<group>"; };
		4837985F2455CDDA002DB9FD /* NSWindow+Create.swift */ = {isa = PBXFileReference; lastKnownFileType = sourcecode.swift; path = "NSWindow+Create.swift"; sourceTree = "<group>"; };
		4889A45E244E0FCF00D0A711 /* Maze-macOS.app */ = {isa = PBXFileReference; explicitFileType = wrapper.application; includeInIndex = 0; path = "Maze-macOS.app"; sourceTree = BUILT_PRODUCTS_DIR; };
		4889A4D1244E1D7F00D0A711 /* Maze-iOS.app */ = {isa = PBXFileReference; explicitFileType = wrapper.application; includeInIndex = 0; path = "Maze-iOS.app"; sourceTree = BUILT_PRODUCTS_DIR; };
		4889A4EB244E1DB400D0A711 /* GameComponent.swift */ = {isa = PBXFileReference; fileEncoding = 4; lastKnownFileType = sourcecode.swift; path = GameComponent.swift; sourceTree = "<group>"; };
		4889A4ED244E1DB400D0A711 /* PlayerControlComponent.swift */ = {isa = PBXFileReference; fileEncoding = 4; lastKnownFileType = sourcecode.swift; path = PlayerControlComponent.swift; sourceTree = "<group>"; };
		4889A4EE244E1DB400D0A711 /* Direction.swift */ = {isa = PBXFileReference; fileEncoding = 4; lastKnownFileType = sourcecode.swift; path = Direction.swift; sourceTree = "<group>"; };
		4889A4EF244E1DB400D0A711 /* SpriteComponent.swift */ = {isa = PBXFileReference; fileEncoding = 4; lastKnownFileType = sourcecode.swift; path = SpriteComponent.swift; sourceTree = "<group>"; };
		4889A4F0244E1DB400D0A711 /* GameEntity.swift */ = {isa = PBXFileReference; fileEncoding = 4; lastKnownFileType = sourcecode.swift; path = GameEntity.swift; sourceTree = "<group>"; };
		4889A4F2244E1DB400D0A711 /* IntelligenceComponent.swift */ = {isa = PBXFileReference; fileEncoding = 4; lastKnownFileType = sourcecode.swift; path = IntelligenceComponent.swift; sourceTree = "<group>"; };
		4889A4F3244E1DB400D0A711 /* GameRuleSystem.swift */ = {isa = PBXFileReference; fileEncoding = 4; lastKnownFileType = sourcecode.swift; path = GameRuleSystem.swift; sourceTree = "<group>"; };
		4889A4F5244E1DB400D0A711 /* Game.swift */ = {isa = PBXFileReference; fileEncoding = 4; lastKnownFileType = sourcecode.swift; path = Game.swift; sourceTree = "<group>"; };
		4889A4F7244E1DB400D0A711 /* Scene.swift */ = {isa = PBXFileReference; fileEncoding = 4; lastKnownFileType = sourcecode.swift; path = Scene.swift; sourceTree = "<group>"; };
		4889A4F8244E1DB400D0A711 /* SpriteNode.swift */ = {isa = PBXFileReference; fileEncoding = 4; lastKnownFileType = sourcecode.swift; path = SpriteNode.swift; sourceTree = "<group>"; };
		4889A4FA244E1DB400D0A711 /* GenericLevel.swift */ = {isa = PBXFileReference; fileEncoding = 4; lastKnownFileType = sourcecode.swift; name = GenericLevel.swift; path = Common/Level/GenericLevel.swift; sourceTree = SOURCE_ROOT; };
		4889A4FC244E1DB400D0A711 /* EnemyState.swift */ = {isa = PBXFileReference; fileEncoding = 4; lastKnownFileType = sourcecode.swift; path = EnemyState.swift; sourceTree = "<group>"; };
		4889A4FD244E1DB400D0A711 /* EnemyRespawnState.swift */ = {isa = PBXFileReference; fileEncoding = 4; lastKnownFileType = sourcecode.swift; path = EnemyRespawnState.swift; sourceTree = "<group>"; };
		4889A4FE244E1DB400D0A711 /* EnemyChaseState.swift */ = {isa = PBXFileReference; fileEncoding = 4; lastKnownFileType = sourcecode.swift; path = EnemyChaseState.swift; sourceTree = "<group>"; };
		4889A4FF244E1DB400D0A711 /* EnemyFleeState.swift */ = {isa = PBXFileReference; fileEncoding = 4; lastKnownFileType = sourcecode.swift; path = EnemyFleeState.swift; sourceTree = "<group>"; };
		4889A500244E1DB400D0A711 /* EnemyDefeatedState.swift */ = {isa = PBXFileReference; fileEncoding = 4; lastKnownFileType = sourcecode.swift; path = EnemyDefeatedState.swift; sourceTree = "<group>"; };
		4889A501244E1DB400D0A711 /* Macros.swift */ = {isa = PBXFileReference; fileEncoding = 4; lastKnownFileType = sourcecode.swift; path = Macros.swift; sourceTree = "<group>"; };
		4889A531244E1F6F00D0A711 /* AppDelegate.swift */ = {isa = PBXFileReference; fileEncoding = 4; lastKnownFileType = sourcecode.swift; path = AppDelegate.swift; sourceTree = "<group>"; };
		4889A533244E1F6F00D0A711 /* Assets.xcassets */ = {isa = PBXFileReference; lastKnownFileType = folder.assetcatalog; path = Assets.xcassets; sourceTree = "<group>"; };
		4889A535244E1F6F00D0A711 /* Base */ = {isa = PBXFileReference; lastKnownFileType = file.storyboard; name = Base; path = Base.lproj/Main.storyboard; sourceTree = "<group>"; };
		4889A536244E1F6F00D0A711 /* Maze.entitlements */ = {isa = PBXFileReference; fileEncoding = 4; lastKnownFileType = text.plist.entitlements; path = Maze.entitlements; sourceTree = "<group>"; };
		4889A537244E1F6F00D0A711 /* Maze-macOS-Info.plist */ = {isa = PBXFileReference; fileEncoding = 4; lastKnownFileType = text.plist.xml; path = "Maze-macOS-Info.plist"; sourceTree = "<group>"; };
		4889A53C244E1FCC00D0A711 /* AppDelegate.swift */ = {isa = PBXFileReference; fileEncoding = 4; lastKnownFileType = sourcecode.swift; path = AppDelegate.swift; sourceTree = "<group>"; };
		4889A53E244E1FCC00D0A711 /* Assets.xcassets */ = {isa = PBXFileReference; lastKnownFileType = folder.assetcatalog; path = Assets.xcassets; sourceTree = "<group>"; };
		4889A540244E1FCC00D0A711 /* Base */ = {isa = PBXFileReference; lastKnownFileType = file.storyboard; name = Base; path = Base.lproj/LaunchScreen.storyboard; sourceTree = "<group>"; };
		4889A542244E1FCC00D0A711 /* Base */ = {isa = PBXFileReference; lastKnownFileType = file.storyboard; name = Base; path = Base.lproj/Main.storyboard; sourceTree = "<group>"; };
		4889A543244E1FCC00D0A711 /* Maze-iOS-Info.plist */ = {isa = PBXFileReference; fileEncoding = 4; lastKnownFileType = text.plist.xml; path = "Maze-iOS-Info.plist"; sourceTree = "<group>"; };
		4889A549244E202200D0A711 /* main.swift */ = {isa = PBXFileReference; lastKnownFileType = sourcecode.swift; path = main.swift; sourceTree = "<group>"; };
		48DBFF6224544C5000EE92F1 /* ExpressibleByIntegerLiteral+RawValue.swift */ = {isa = PBXFileReference; lastKnownFileType = sourcecode.swift; path = "ExpressibleByIntegerLiteral+RawValue.swift"; sourceTree = "<group>"; };
		48DBFF6524544C7000EE92F1 /* GridPosition.swift */ = {isa = PBXFileReference; lastKnownFileType = sourcecode.swift; path = GridPosition.swift; sourceTree = "<group>"; };
		48DBFF6924544CB500EE92F1 /* Simple.swift */ = {isa = PBXFileReference; lastKnownFileType = sourcecode.swift; path = Simple.swift; sourceTree = "<group>"; };
		48DD8BC92450620B00322B13 /* AbstractSize.swift */ = {isa = PBXFileReference; fileEncoding = 4; lastKnownFileType = sourcecode.swift; name = AbstractSize.swift; path = ../AbstractSize.swift; sourceTree = "<group>"; };
		48DD8BCA2450620B00322B13 /* AbstractLengthUnit.swift */ = {isa = PBXFileReference; fileEncoding = 4; lastKnownFileType = sourcecode.swift; name = AbstractLengthUnit.swift; path = ../AbstractLengthUnit.swift; sourceTree = "<group>"; };
		48DD8BCC2450620B00322B13 /* AbstractCoordinate.swift */ = {isa = PBXFileReference; fileEncoding = 4; lastKnownFileType = sourcecode.swift; name = AbstractCoordinate.swift; path = ../AbstractCoordinate.swift; sourceTree = "<group>"; };
		48DD8BD7245063C500322B13 /* Level+Map+One.swift */ = {isa = PBXFileReference; lastKnownFileType = sourcecode.swift; path = "Level+Map+One.swift"; sourceTree = "<group>"; };
		48DD8BDA24543E6D00322B13 /* Level+Map.swift */ = {isa = PBXFileReference; lastKnownFileType = sourcecode.swift; path = "Level+Map.swift"; sourceTree = "<group>"; };
/* End PBXFileReference section */

/* Begin PBXFrameworksBuildPhase section */
		4889A45B244E0FCF00D0A711 /* Frameworks */ = {
			isa = PBXFrameworksBuildPhase;
			buildActionMask = 2147483647;
			files = (
			);
			runOnlyForDeploymentPostprocessing = 0;
		};
		4889A4CE244E1D7F00D0A711 /* Frameworks */ = {
			isa = PBXFrameworksBuildPhase;
			buildActionMask = 2147483647;
			files = (
			);
			runOnlyForDeploymentPostprocessing = 0;
		};
/* End PBXFrameworksBuildPhase section */

/* Begin PBXGroup section */
		4837984E2455C930002DB9FD /* SpriteKit */ = {
			isa = PBXGroup;
			children = (
				483798502455C962002DB9FD /* SKSpriteNode_Extensions.swift */,
			);
			path = SpriteKit;
			sourceTree = "<group>";
		};
		4837984F2455C945002DB9FD /* SwiftStandardLibrary */ = {
			isa = PBXGroup;
			children = (
				48DBFF6224544C5000EE92F1 /* ExpressibleByIntegerLiteral+RawValue.swift */,
			);
			path = SwiftStandardLibrary;
			sourceTree = "<group>";
		};
		483798532455CD0B002DB9FD /* UIKit */ = {
			isa = PBXGroup;
			children = (
				483798542455CD1C002DB9FD /* UIColor+Random.swift */,
			);
			path = UIKit;
			sourceTree = "<group>";
		};
		483798572455CD30002DB9FD /* AppKit */ = {
			isa = PBXGroup;
			children = (
				483798582455CD3B002DB9FD /* NSColor+Random.swift */,
				4837985F2455CDDA002DB9FD /* NSWindow+Create.swift */,
			);
			path = AppKit;
			sourceTree = "<group>";
		};
		4837985B2455CD6D002DB9FD /* Physics */ = {
			isa = PBXGroup;
			children = (
				4837985C2455CD78002DB9FD /* ContactCategory.swift */,
			);
			path = Physics;
			sourceTree = "<group>";
		};
		483798632455CE12002DB9FD /* Extensions */ = {
			isa = PBXGroup;
			children = (
				483798572455CD30002DB9FD /* AppKit */,
			);
			path = Extensions;
			sourceTree = "<group>";
		};
		483798642455CE1B002DB9FD /* Extensions */ = {
			isa = PBXGroup;
			children = (
				483798532455CD0B002DB9FD /* UIKit */,
			);
			path = Extensions;
			sourceTree = "<group>";
		};
		4889A455244E0FCF00D0A711 = {
			isa = PBXGroup;
			children = (
				4889A524244E1DBE00D0A711 /* macOS */,
				4889A4E9244E1DB400D0A711 /* Common */,
				4889A4D2244E1D7F00D0A711 /* iOS */,
				4889A45F244E0FCF00D0A711 /* Products */,
			);
			sourceTree = "<group>";
		};
		4889A45F244E0FCF00D0A711 /* Products */ = {
			isa = PBXGroup;
			children = (
				4889A45E244E0FCF00D0A711 /* Maze-macOS.app */,
				4889A4D1244E1D7F00D0A711 /* Maze-iOS.app */,
			);
			name = Products;
			sourceTree = "<group>";
		};
		4889A4D2244E1D7F00D0A711 /* iOS */ = {
			isa = PBXGroup;
			children = (
				483798642455CE1B002DB9FD /* Extensions */,
				4889A53C244E1FCC00D0A711 /* AppDelegate.swift */,
				4889A53D244E1FCC00D0A711 /* SupportingFiles */,
			);
			path = iOS;
			sourceTree = "<group>";
		};
		4889A4E9244E1DB400D0A711 /* Common */ = {
			isa = PBXGroup;
			children = (
				4837985B2455CD6D002DB9FD /* Physics */,
				48DBFF6124544C3200EE92F1 /* Extensions */,
				4889A4EA244E1DB400D0A711 /* Entity-Component */,
				4889A4F4244E1DB400D0A711 /* Game */,
				4889A4F6244E1DB400D0A711 /* SpriteKit */,
				4889A4F9244E1DB400D0A711 /* Level */,
				4889A4FB244E1DB400D0A711 /* EnemyStateMachine */,
				4889A501244E1DB400D0A711 /* Macros.swift */,
			);
			path = Common;
			sourceTree = "<group>";
		};
		4889A4EA244E1DB400D0A711 /* Entity-Component */ = {
			isa = PBXGroup;
			children = (
				4889A4EB244E1DB400D0A711 /* GameComponent.swift */,
				4889A4EC244E1DB400D0A711 /* PlayerControlComponent */,
				4889A4EF244E1DB400D0A711 /* SpriteComponent.swift */,
				4889A4F0244E1DB400D0A711 /* GameEntity.swift */,
				4889A4F1244E1DB400D0A711 /* IntelligenceComponent */,
			);
			path = "Entity-Component";
			sourceTree = "<group>";
		};
		4889A4EC244E1DB400D0A711 /* PlayerControlComponent */ = {
			isa = PBXGroup;
			children = (
				4889A4ED244E1DB400D0A711 /* PlayerControlComponent.swift */,
				4889A4EE244E1DB400D0A711 /* Direction.swift */,
			);
			path = PlayerControlComponent;
			sourceTree = "<group>";
		};
		4889A4F1244E1DB400D0A711 /* IntelligenceComponent */ = {
			isa = PBXGroup;
			children = (
				4889A4F2244E1DB400D0A711 /* IntelligenceComponent.swift */,
				4889A4F3244E1DB400D0A711 /* GameRuleSystem.swift */,
			);
			path = IntelligenceComponent;
			sourceTree = "<group>";
		};
		4889A4F4244E1DB400D0A711 /* Game */ = {
			isa = PBXGroup;
			children = (
				4889A4F5244E1DB400D0A711 /* Game.swift */,
			);
			path = Game;
			sourceTree = "<group>";
		};
		4889A4F6244E1DB400D0A711 /* SpriteKit */ = {
			isa = PBXGroup;
			children = (
				4889A4F7244E1DB400D0A711 /* Scene.swift */,
				4889A4F8244E1DB400D0A711 /* SpriteNode.swift */,
			);
			path = SpriteKit;
			sourceTree = "<group>";
		};
		4889A4F9244E1DB400D0A711 /* Level */ = {
			isa = PBXGroup;
			children = (
				48DD8BD6245063B000322B13 /* Maps */,
				48DD8BD5245063A400322B13 /* Level */,
			);
			path = Level;
			sourceTree = "<group>";
		};
		4889A4FB244E1DB400D0A711 /* EnemyStateMachine */ = {
			isa = PBXGroup;
			children = (
				4889A4FC244E1DB400D0A711 /* EnemyState.swift */,
				4889A4FD244E1DB400D0A711 /* EnemyRespawnState.swift */,
				4889A4FE244E1DB400D0A711 /* EnemyChaseState.swift */,
				4889A4FF244E1DB400D0A711 /* EnemyFleeState.swift */,
				4889A500244E1DB400D0A711 /* EnemyDefeatedState.swift */,
			);
			path = EnemyStateMachine;
			sourceTree = "<group>";
		};
		4889A524244E1DBE00D0A711 /* macOS */ = {
			isa = PBXGroup;
			children = (
				483798632455CE12002DB9FD /* Extensions */,
				4889A531244E1F6F00D0A711 /* AppDelegate.swift */,
				4889A532244E1F6F00D0A711 /* SupportingFiles */,
				4889A549244E202200D0A711 /* main.swift */,
			);
			path = macOS;
			sourceTree = "<group>";
		};
		4889A532244E1F6F00D0A711 /* SupportingFiles */ = {
			isa = PBXGroup;
			children = (
				4889A533244E1F6F00D0A711 /* Assets.xcassets */,
				4889A534244E1F6F00D0A711 /* Main.storyboard */,
				4889A536244E1F6F00D0A711 /* Maze.entitlements */,
				4889A537244E1F6F00D0A711 /* Maze-macOS-Info.plist */,
			);
			path = SupportingFiles;
			sourceTree = "<group>";
		};
		4889A53D244E1FCC00D0A711 /* SupportingFiles */ = {
			isa = PBXGroup;
			children = (
				4889A53E244E1FCC00D0A711 /* Assets.xcassets */,
				4889A53F244E1FCC00D0A711 /* LaunchScreen.storyboard */,
				4889A541244E1FCC00D0A711 /* Main.storyboard */,
				4889A543244E1FCC00D0A711 /* Maze-iOS-Info.plist */,
			);
			path = SupportingFiles;
			sourceTree = "<group>";
		};
		48DBFF6124544C3200EE92F1 /* Extensions */ = {
			isa = PBXGroup;
			children = (
				4837984F2455C945002DB9FD /* SwiftStandardLibrary */,
				4837984E2455C930002DB9FD /* SpriteKit */,
			);
			path = Extensions;
			sourceTree = "<group>";
		};
		48DBFF6824544CA800EE92F1 /* SimpleMapTile */ = {
			isa = PBXGroup;
			children = (
				48DBFF6924544CB500EE92F1 /* Simple.swift */,
			);
			path = SimpleMapTile;
			sourceTree = "<group>";
		};
		48DD8BD5245063A400322B13 /* Level */ = {
			isa = PBXGroup;
			children = (
				48DBFF6824544CA800EE92F1 /* SimpleMapTile */,
				48DD8BCC2450620B00322B13 /* AbstractCoordinate.swift */,
				48DD8BCA2450620B00322B13 /* AbstractLengthUnit.swift */,
				48DD8BDA24543E6D00322B13 /* Level+Map.swift */,
				48DD8BC92450620B00322B13 /* AbstractSize.swift */,
				4889A4FA244E1DB400D0A711 /* GenericLevel.swift */,
				48DBFF6524544C7000EE92F1 /* GridPosition.swift */,
			);
			path = Level;
			sourceTree = "<group>";
		};
		48DD8BD6245063B000322B13 /* Maps */ = {
			isa = PBXGroup;
			children = (
				48DD8BD7245063C500322B13 /* Level+Map+One.swift */,
			);
			path = Maps;
			sourceTree = "<group>";
		};
/* End PBXGroup section */

/* Begin PBXNativeTarget section */
		4889A45D244E0FCF00D0A711 /* Maze-macOS */ = {
			isa = PBXNativeTarget;
			buildConfigurationList = 4889A474244E0FD000D0A711 /* Build configuration list for PBXNativeTarget "Maze-macOS" */;
			buildPhases = (
				4889A45A244E0FCF00D0A711 /* Sources */,
				4889A45B244E0FCF00D0A711 /* Frameworks */,
				4889A45C244E0FCF00D0A711 /* Resources */,
			);
			buildRules = (
			);
			dependencies = (
			);
			name = "Maze-macOS";
			productName = Maze;
			productReference = 4889A45E244E0FCF00D0A711 /* Maze-macOS.app */;
			productType = "com.apple.product-type.application";
		};
		4889A4D0244E1D7F00D0A711 /* Maze-iOS */ = {
			isa = PBXNativeTarget;
			buildConfigurationList = 4889A4E6244E1D8000D0A711 /* Build configuration list for PBXNativeTarget "Maze-iOS" */;
			buildPhases = (
				4889A4CD244E1D7F00D0A711 /* Sources */,
				4889A4CE244E1D7F00D0A711 /* Frameworks */,
				4889A4CF244E1D7F00D0A711 /* Resources */,
			);
			buildRules = (
			);
			dependencies = (
			);
			name = "Maze-iOS";
			productName = "Maze-iOS";
			productReference = 4889A4D1244E1D7F00D0A711 /* Maze-iOS.app */;
			productType = "com.apple.product-type.application";
		};
/* End PBXNativeTarget section */

/* Begin PBXProject section */
		4889A456244E0FCF00D0A711 /* Project object */ = {
			isa = PBXProject;
			attributes = {
				LastSwiftUpdateCheck = 1140;
				LastUpgradeCheck = 1140;
				ORGANIZATIONNAME = "Alexander Cyon";
				TargetAttributes = {
					4889A45D244E0FCF00D0A711 = {
						CreatedOnToolsVersion = 11.4;
					};
					4889A4D0244E1D7F00D0A711 = {
						CreatedOnToolsVersion = 11.4;
					};
				};
			};
			buildConfigurationList = 4889A459244E0FCF00D0A711 /* Build configuration list for PBXProject "Maze" */;
			compatibilityVersion = "Xcode 9.3";
			developmentRegion = en;
			hasScannedForEncodings = 0;
			knownRegions = (
				en,
				Base,
			);
			mainGroup = 4889A455244E0FCF00D0A711;
			productRefGroup = 4889A45F244E0FCF00D0A711 /* Products */;
			projectDirPath = "";
			projectRoot = "";
			targets = (
				4889A45D244E0FCF00D0A711 /* Maze-macOS */,
				4889A4D0244E1D7F00D0A711 /* Maze-iOS */,
			);
		};
/* End PBXProject section */

/* Begin PBXResourcesBuildPhase section */
		4889A45C244E0FCF00D0A711 /* Resources */ = {
			isa = PBXResourcesBuildPhase;
			buildActionMask = 2147483647;
			files = (
				4889A539244E1F6F00D0A711 /* Assets.xcassets in Resources */,
				4889A53A244E1F6F00D0A711 /* Main.storyboard in Resources */,
			);
			runOnlyForDeploymentPostprocessing = 0;
		};
		4889A4CF244E1D7F00D0A711 /* Resources */ = {
			isa = PBXResourcesBuildPhase;
			buildActionMask = 2147483647;
			files = (
				4889A547244E1FCC00D0A711 /* Main.storyboard in Resources */,
				4889A545244E1FCC00D0A711 /* Assets.xcassets in Resources */,
				4889A546244E1FCC00D0A711 /* LaunchScreen.storyboard in Resources */,
			);
			runOnlyForDeploymentPostprocessing = 0;
		};
/* End PBXResourcesBuildPhase section */

/* Begin PBXSourcesBuildPhase section */
		4889A45A244E0FCF00D0A711 /* Sources */ = {
			isa = PBXSourcesBuildPhase;
			buildActionMask = 2147483647;
			files = (
				4889A504244E1DB400D0A711 /* PlayerControlComponent.swift in Sources */,
				4889A516244E1DB400D0A711 /* GenericLevel.swift in Sources */,
				483798512455C962002DB9FD /* SKSpriteNode_Extensions.swift in Sources */,
				48DBFF6A24544CB500EE92F1 /* Simple.swift in Sources */,
				48DD8BCF2450620B00322B13 /* AbstractLengthUnit.swift in Sources */,
				4889A518244E1DB400D0A711 /* EnemyState.swift in Sources */,
				4889A502244E1DB400D0A711 /* GameComponent.swift in Sources */,
				48DBFF6324544C5000EE92F1 /* ExpressibleByIntegerLiteral+RawValue.swift in Sources */,
				483798602455CDDA002DB9FD /* NSWindow+Create.swift in Sources */,
				48DD8BD8245063C500322B13 /* Level+Map+One.swift in Sources */,
				4889A522244E1DB400D0A711 /* Macros.swift in Sources */,
				4889A520244E1DB400D0A711 /* EnemyDefeatedState.swift in Sources */,
				4889A51E244E1DB400D0A711 /* EnemyFleeState.swift in Sources */,
				4889A51A244E1DB400D0A711 /* EnemyRespawnState.swift in Sources */,
				48DD8BCD2450620B00322B13 /* AbstractSize.swift in Sources */,
				4889A514244E1DB400D0A711 /* SpriteNode.swift in Sources */,
				4889A508244E1DB400D0A711 /* SpriteComponent.swift in Sources */,
				4837985D2455CD78002DB9FD /* ContactCategory.swift in Sources */,
				4889A506244E1DB400D0A711 /* Direction.swift in Sources */,
				4889A50C244E1DB400D0A711 /* IntelligenceComponent.swift in Sources */,
				4889A538244E1F6F00D0A711 /* AppDelegate.swift in Sources */,
				4889A50E244E1DB400D0A711 /* GameRuleSystem.swift in Sources */,
				4889A50A244E1DB400D0A711 /* GameEntity.swift in Sources */,
				48DD8BD32450620B00322B13 /* AbstractCoordinate.swift in Sources */,
				48DBFF6624544C7000EE92F1 /* GridPosition.swift in Sources */,
				48DD8BDB24543E6D00322B13 /* Level+Map.swift in Sources */,
				48DD8BC824505E5100322B13 /* main.swift in Sources */,
				4889A51C244E1DB400D0A711 /* EnemyChaseState.swift in Sources */,
				483798592455CD3B002DB9FD /* NSColor+Random.swift in Sources */,
				4889A510244E1DB400D0A711 /* Game.swift in Sources */,
				4889A512244E1DB400D0A711 /* Scene.swift in Sources */,
			);
			runOnlyForDeploymentPostprocessing = 0;
		};
		4889A4CD244E1D7F00D0A711 /* Sources */ = {
			isa = PBXSourcesBuildPhase;
			buildActionMask = 2147483647;
			files = (
				4889A51F244E1DB400D0A711 /* EnemyFleeState.swift in Sources */,
				483798522455C962002DB9FD /* SKSpriteNode_Extensions.swift in Sources */,
				4889A517244E1DB400D0A711 /* GenericLevel.swift in Sources */,
				4889A50B244E1DB400D0A711 /* GameEntity.swift in Sources */,
				4889A511244E1DB400D0A711 /* Game.swift in Sources */,
				4889A51D244E1DB400D0A711 /* EnemyChaseState.swift in Sources */,
				48DD8BD02450620B00322B13 /* AbstractLengthUnit.swift in Sources */,
				48DD8BCE2450620B00322B13 /* AbstractSize.swift in Sources */,
				48DBFF6724544C7000EE92F1 /* GridPosition.swift in Sources */,
				48DD8BD42450620B00322B13 /* AbstractCoordinate.swift in Sources */,
				48DD8BDC24543E6D00322B13 /* Level+Map.swift in Sources */,
				4889A505244E1DB400D0A711 /* PlayerControlComponent.swift in Sources */,
				4889A515244E1DB400D0A711 /* SpriteNode.swift in Sources */,
				4889A503244E1DB400D0A711 /* GameComponent.swift in Sources */,
				48DBFF6B24544CB500EE92F1 /* Simple.swift in Sources */,
				4889A523244E1DB400D0A711 /* Macros.swift in Sources */,
				4837985E2455CD78002DB9FD /* ContactCategory.swift in Sources */,
				4889A50D244E1DB400D0A711 /* IntelligenceComponent.swift in Sources */,
				4889A50F244E1DB400D0A711 /* GameRuleSystem.swift in Sources */,
				4889A507244E1DB400D0A711 /* Direction.swift in Sources */,
				4889A544244E1FCC00D0A711 /* AppDelegate.swift in Sources */,
				4889A519244E1DB400D0A711 /* EnemyState.swift in Sources */,
				4889A51B244E1DB400D0A711 /* EnemyRespawnState.swift in Sources */,
				48DBFF6424544C5000EE92F1 /* ExpressibleByIntegerLiteral+RawValue.swift in Sources */,
				48DD8BD9245063C500322B13 /* Level+Map+One.swift in Sources */,
				483798562455CD1C002DB9FD /* UIColor+Random.swift in Sources */,
				4889A521244E1DB400D0A711 /* EnemyDefeatedState.swift in Sources */,
				4889A509244E1DB400D0A711 /* SpriteComponent.swift in Sources */,
				4889A513244E1DB400D0A711 /* Scene.swift in Sources */,
			);
			runOnlyForDeploymentPostprocessing = 0;
		};
/* End PBXSourcesBuildPhase section */

/* Begin PBXVariantGroup section */
		4889A534244E1F6F00D0A711 /* Main.storyboard */ = {
			isa = PBXVariantGroup;
			children = (
				4889A535244E1F6F00D0A711 /* Base */,
			);
			name = Main.storyboard;
			sourceTree = "<group>";
		};
		4889A53F244E1FCC00D0A711 /* LaunchScreen.storyboard */ = {
			isa = PBXVariantGroup;
			children = (
				4889A540244E1FCC00D0A711 /* Base */,
			);
			name = LaunchScreen.storyboard;
			sourceTree = "<group>";
		};
		4889A541244E1FCC00D0A711 /* Main.storyboard */ = {
			isa = PBXVariantGroup;
			children = (
				4889A542244E1FCC00D0A711 /* Base */,
			);
			name = Main.storyboard;
			sourceTree = "<group>";
		};
/* End PBXVariantGroup section */

/* Begin XCBuildConfiguration section */
		4889A472244E0FD000D0A711 /* Debug */ = {
			isa = XCBuildConfiguration;
			buildSettings = {
				ALWAYS_SEARCH_USER_PATHS = NO;
				CLANG_ANALYZER_NONNULL = YES;
				CLANG_ANALYZER_NUMBER_OBJECT_CONVERSION = YES_AGGRESSIVE;
				CLANG_CXX_LANGUAGE_STANDARD = "gnu++14";
				CLANG_CXX_LIBRARY = "libc++";
				CLANG_ENABLE_MODULES = YES;
				CLANG_ENABLE_OBJC_ARC = YES;
				CLANG_ENABLE_OBJC_WEAK = YES;
				CLANG_WARN_BLOCK_CAPTURE_AUTORELEASING = YES;
				CLANG_WARN_BOOL_CONVERSION = YES;
				CLANG_WARN_COMMA = YES;
				CLANG_WARN_CONSTANT_CONVERSION = YES;
				CLANG_WARN_DEPRECATED_OBJC_IMPLEMENTATIONS = YES;
				CLANG_WARN_DIRECT_OBJC_ISA_USAGE = YES_ERROR;
				CLANG_WARN_DOCUMENTATION_COMMENTS = YES;
				CLANG_WARN_EMPTY_BODY = YES;
				CLANG_WARN_ENUM_CONVERSION = YES;
				CLANG_WARN_INFINITE_RECURSION = YES;
				CLANG_WARN_INT_CONVERSION = YES;
				CLANG_WARN_NON_LITERAL_NULL_CONVERSION = YES;
				CLANG_WARN_OBJC_IMPLICIT_RETAIN_SELF = YES;
				CLANG_WARN_OBJC_LITERAL_CONVERSION = YES;
				CLANG_WARN_OBJC_ROOT_CLASS = YES_ERROR;
				CLANG_WARN_RANGE_LOOP_ANALYSIS = YES;
				CLANG_WARN_STRICT_PROTOTYPES = YES;
				CLANG_WARN_SUSPICIOUS_MOVE = YES;
				CLANG_WARN_UNGUARDED_AVAILABILITY = YES_AGGRESSIVE;
				CLANG_WARN_UNREACHABLE_CODE = YES;
				CLANG_WARN__DUPLICATE_METHOD_MATCH = YES;
				COPY_PHASE_STRIP = NO;
				DEBUG_INFORMATION_FORMAT = dwarf;
				ENABLE_STRICT_OBJC_MSGSEND = YES;
				ENABLE_TESTABILITY = YES;
				GCC_C_LANGUAGE_STANDARD = gnu11;
				GCC_DYNAMIC_NO_PIC = NO;
				GCC_NO_COMMON_BLOCKS = YES;
				GCC_OPTIMIZATION_LEVEL = 0;
				GCC_PREPROCESSOR_DEFINITIONS = (
					"DEBUG=1",
					"$(inherited)",
				);
				GCC_WARN_64_TO_32_BIT_CONVERSION = YES;
				GCC_WARN_ABOUT_RETURN_TYPE = YES_ERROR;
				GCC_WARN_UNDECLARED_SELECTOR = YES;
				GCC_WARN_UNINITIALIZED_AUTOS = YES_AGGRESSIVE;
				GCC_WARN_UNUSED_FUNCTION = YES;
				GCC_WARN_UNUSED_VARIABLE = YES;
				IPHONEOS_DEPLOYMENT_TARGET = 13.0;
				MACOSX_DEPLOYMENT_TARGET = 10.15;
				MTL_ENABLE_DEBUG_INFO = INCLUDE_SOURCE;
				MTL_FAST_MATH = YES;
				ONLY_ACTIVE_ARCH = YES;
				SDKROOT = macosx;
				SWIFT_ACTIVE_COMPILATION_CONDITIONS = DEBUG;
				SWIFT_OPTIMIZATION_LEVEL = "-Onone";
			};
			name = Debug;
		};
		4889A473244E0FD000D0A711 /* Release */ = {
			isa = XCBuildConfiguration;
			buildSettings = {
				ALWAYS_SEARCH_USER_PATHS = NO;
				CLANG_ANALYZER_NONNULL = YES;
				CLANG_ANALYZER_NUMBER_OBJECT_CONVERSION = YES_AGGRESSIVE;
				CLANG_CXX_LANGUAGE_STANDARD = "gnu++14";
				CLANG_CXX_LIBRARY = "libc++";
				CLANG_ENABLE_MODULES = YES;
				CLANG_ENABLE_OBJC_ARC = YES;
				CLANG_ENABLE_OBJC_WEAK = YES;
				CLANG_WARN_BLOCK_CAPTURE_AUTORELEASING = YES;
				CLANG_WARN_BOOL_CONVERSION = YES;
				CLANG_WARN_COMMA = YES;
				CLANG_WARN_CONSTANT_CONVERSION = YES;
				CLANG_WARN_DEPRECATED_OBJC_IMPLEMENTATIONS = YES;
				CLANG_WARN_DIRECT_OBJC_ISA_USAGE = YES_ERROR;
				CLANG_WARN_DOCUMENTATION_COMMENTS = YES;
				CLANG_WARN_EMPTY_BODY = YES;
				CLANG_WARN_ENUM_CONVERSION = YES;
				CLANG_WARN_INFINITE_RECURSION = YES;
				CLANG_WARN_INT_CONVERSION = YES;
				CLANG_WARN_NON_LITERAL_NULL_CONVERSION = YES;
				CLANG_WARN_OBJC_IMPLICIT_RETAIN_SELF = YES;
				CLANG_WARN_OBJC_LITERAL_CONVERSION = YES;
				CLANG_WARN_OBJC_ROOT_CLASS = YES_ERROR;
				CLANG_WARN_RANGE_LOOP_ANALYSIS = YES;
				CLANG_WARN_STRICT_PROTOTYPES = YES;
				CLANG_WARN_SUSPICIOUS_MOVE = YES;
				CLANG_WARN_UNGUARDED_AVAILABILITY = YES_AGGRESSIVE;
				CLANG_WARN_UNREACHABLE_CODE = YES;
				CLANG_WARN__DUPLICATE_METHOD_MATCH = YES;
				COPY_PHASE_STRIP = NO;
				DEBUG_INFORMATION_FORMAT = "dwarf-with-dsym";
				ENABLE_NS_ASSERTIONS = NO;
				ENABLE_STRICT_OBJC_MSGSEND = YES;
				GCC_C_LANGUAGE_STANDARD = gnu11;
				GCC_NO_COMMON_BLOCKS = YES;
				GCC_WARN_64_TO_32_BIT_CONVERSION = YES;
				GCC_WARN_ABOUT_RETURN_TYPE = YES_ERROR;
				GCC_WARN_UNDECLARED_SELECTOR = YES;
				GCC_WARN_UNINITIALIZED_AUTOS = YES_AGGRESSIVE;
				GCC_WARN_UNUSED_FUNCTION = YES;
				GCC_WARN_UNUSED_VARIABLE = YES;
				IPHONEOS_DEPLOYMENT_TARGET = 13.0;
				MACOSX_DEPLOYMENT_TARGET = 10.15;
				MTL_ENABLE_DEBUG_INFO = NO;
				MTL_FAST_MATH = YES;
				SDKROOT = macosx;
				SWIFT_COMPILATION_MODE = wholemodule;
				SWIFT_OPTIMIZATION_LEVEL = "-O";
			};
			name = Release;
		};
		4889A475244E0FD000D0A711 /* Debug */ = {
			isa = XCBuildConfiguration;
			buildSettings = {
				ASSETCATALOG_COMPILER_APPICON_NAME = AppIcon;
				CODE_SIGN_ENTITLEMENTS = macOS/SupportingFiles/Maze.entitlements;
				CODE_SIGN_STYLE = Automatic;
				COMBINE_HIDPI_IMAGES = YES;
				INFOPLIST_FILE = "macOS/SupportingFiles/Maze-macOS-Info.plist";
				LD_RUNPATH_SEARCH_PATHS = (
					"$(inherited)",
					"@executable_path/../Frameworks",
				);
				PRODUCT_BUNDLE_IDENTIFIER = cyon.alex.Maze;
				PRODUCT_NAME = "$(TARGET_NAME)";
				SWIFT_VERSION = 5.0;
			};
			name = Debug;
		};
		4889A476244E0FD000D0A711 /* Release */ = {
			isa = XCBuildConfiguration;
			buildSettings = {
				ASSETCATALOG_COMPILER_APPICON_NAME = AppIcon;
				CODE_SIGN_ENTITLEMENTS = macOS/SupportingFiles/Maze.entitlements;
				CODE_SIGN_STYLE = Automatic;
				COMBINE_HIDPI_IMAGES = YES;
				INFOPLIST_FILE = "macOS/SupportingFiles/Maze-macOS-Info.plist";
				LD_RUNPATH_SEARCH_PATHS = (
					"$(inherited)",
					"@executable_path/../Frameworks",
				);
				PRODUCT_BUNDLE_IDENTIFIER = cyon.alex.Maze;
				PRODUCT_NAME = "$(TARGET_NAME)";
				SWIFT_VERSION = 5.0;
			};
			name = Release;
		};
		4889A4E7244E1D8000D0A711 /* Debug */ = {
			isa = XCBuildConfiguration;
			buildSettings = {
				ASSETCATALOG_COMPILER_APPICON_NAME = AppIcon;
				CODE_SIGN_STYLE = Automatic;
				INFOPLIST_FILE = "iOS/supportingFiles/Maze-iOS-Info.plist";
				IPHONEOS_DEPLOYMENT_TARGET = 13.4;
				LD_RUNPATH_SEARCH_PATHS = (
					"$(inherited)",
					"@executable_path/Frameworks",
				);
				PRODUCT_BUNDLE_IDENTIFIER = "cyon.alex.Maze-iOS";
				PRODUCT_NAME = "$(TARGET_NAME)";
				SDKROOT = iphoneos;
				SWIFT_VERSION = 5.0;
				TARGETED_DEVICE_FAMILY = "1,2";
			};
			name = Debug;
		};
		4889A4E8244E1D8000D0A711 /* Release */ = {
			isa = XCBuildConfiguration;
			buildSettings = {
				ASSETCATALOG_COMPILER_APPICON_NAME = AppIcon;
				CODE_SIGN_STYLE = Automatic;
				INFOPLIST_FILE = "iOS/supportingFiles/Maze-iOS-Info.plist";
				IPHONEOS_DEPLOYMENT_TARGET = 13.4;
				LD_RUNPATH_SEARCH_PATHS = (
					"$(inherited)",
					"@executable_path/Frameworks",
				);
				PRODUCT_BUNDLE_IDENTIFIER = "cyon.alex.Maze-iOS";
				PRODUCT_NAME = "$(TARGET_NAME)";
				SDKROOT = iphoneos;
				SWIFT_VERSION = 5.0;
				TARGETED_DEVICE_FAMILY = "1,2";
				VALIDATE_PRODUCT = YES;
			};
			name = Release;
		};
/* End XCBuildConfiguration section */

/* Begin XCConfigurationList section */
		4889A459244E0FCF00D0A711 /* Build configuration list for PBXProject "Maze" */ = {
			isa = XCConfigurationList;
			buildConfigurations = (
				4889A472244E0FD000D0A711 /* Debug */,
				4889A473244E0FD000D0A711 /* Release */,
			);
			defaultConfigurationIsVisible = 0;
			defaultConfigurationName = Release;
		};
		4889A474244E0FD000D0A711 /* Build configuration list for PBXNativeTarget "Maze-macOS" */ = {
			isa = XCConfigurationList;
			buildConfigurations = (
				4889A475244E0FD000D0A711 /* Debug */,
				4889A476244E0FD000D0A711 /* Release */,
			);
			defaultConfigurationIsVisible = 0;
			defaultConfigurationName = Release;
		};
		4889A4E6244E1D8000D0A711 /* Build configuration list for PBXNativeTarget "Maze-iOS" */ = {
			isa = XCConfigurationList;
			buildConfigurations = (
				4889A4E7244E1D8000D0A711 /* Debug */,
				4889A4E8244E1D8000D0A711 /* Release */,
			);
			defaultConfigurationIsVisible = 0;
			defaultConfigurationName = Release;
		};
/* End XCConfigurationList section */
	};
	rootObject = 4889A456244E0FCF00D0A711 /* Project object */;
}
